Microsoft Visual Studio Solution File, Format Version 9.00
# Visual Studio 2005
Project("{FAE04EC0-301F-11D3-BF4B-00C04F79EFBC}") = "CertReqDemo_VS2005", "CertReqDemo_VS2005.csproj", "{28C2BD24-160A-411B-8A5A-912E8FAD30DB}"
EndProject
Global
	GlobalSection(SolutionConfigurationPlatforms) = preSolution
		Debug|Any CPU = Debug|Any CPU
		Release|Any CPU = Release|Any CPU
	EndGlobalSection
	GlobalSection(ProjectConfigurationPlatforms) = postSolution
		{28C2BD24-160A-411B-8A5A-912E8FAD30DB}.Debug|Any CPU.ActiveCfg = Debug|Any CPU
		{28C2BD24-160A-411B-8A5A-912E8FAD30DB}.Debug|Any CPU.Build.0 = Debug|Any CPU
		{28C2BD24-160A-411B-8A5A-912E8FAD30DB}.Release|Any CPU.ActiveCfg = Release|Any CPU
		{28C2BD24-160A-411B-8A5A-912E8FAD30DB}.Release|Any CPU.Build.0 = Release|Any CPU
	EndGlobalSection
	GlobalSection(SolutionProperties) = preSolution
		HideSolutionNode = FALSE
	EndGlobalSection
EndGlobal
