Microsoft Visual Studio Solution File, Format Version 9.00
# Visual Studio 2005
Project("{FAE04EC0-301F-11D3-BF4B-00C04F79EFBC}") = "HTTPSGet_VS2005", "HTTPSGet_VS2005.csproj", "{C9135230-0231-4F18-ACDF-52094B001792}"
EndProject
Global
	GlobalSection(SolutionConfigurationPlatforms) = preSolution
		Debug|Any CPU = Debug|Any CPU
		Release|Any CPU = Release|Any CPU
	EndGlobalSection
	GlobalSection(ProjectConfigurationPlatforms) = postSolution
		{C9135230-0231-4F18-ACDF-52094B001792}.Debug|Any CPU.ActiveCfg = Debug|Any CPU
		{C9135230-0231-4F18-ACDF-52094B001792}.Debug|Any CPU.Build.0 = Debug|Any CPU
		{C9135230-0231-4F18-ACDF-52094B001792}.Release|Any CPU.ActiveCfg = Release|Any CPU
		{C9135230-0231-4F18-ACDF-52094B001792}.Release|Any CPU.Build.0 = Release|Any CPU
	EndGlobalSection
	GlobalSection(SolutionProperties) = preSolution
		HideSolutionNode = FALSE
	EndGlobalSection
EndGlobal
