
Microsoft Visual Studio Solution File, Format Version 9.00
# Visual Studio 2005
Project("{F184B08F-C81C-45F6-A57F-5ABD9991F28F}") = "TinyProcessor_VS2005", "TinyProcessor_VS2005.vbproj", "{F17A937C-6B38-428C-AE48-512597983AC0}"
EndProject
Global
	GlobalSection(SolutionConfigurationPlatforms) = preSolution
		Debug|Any CPU = Debug|Any CPU
		Release|Any CPU = Release|Any CPU
	EndGlobalSection
	GlobalSection(ProjectConfigurationPlatforms) = postSolution
		{F17A937C-6B38-428C-AE48-512597983AC0}.Debug|Any CPU.ActiveCfg = Debug|Any CPU
		{F17A937C-6B38-428C-AE48-512597983AC0}.Debug|Any CPU.Build.0 = Debug|Any CPU
		{F17A937C-6B38-428C-AE48-512597983AC0}.Release|Any CPU.ActiveCfg = Release|Any CPU
		{F17A937C-6B38-428C-AE48-512597983AC0}.Release|Any CPU.Build.0 = Release|Any CPU
	EndGlobalSection
	GlobalSection(SolutionProperties) = preSolution
		HideSolutionNode = FALSE
	EndGlobalSection
EndGlobal
