
Microsoft Visual Studio Solution File, Format Version 9.00
# Visual Studio 2005
Project("{F184B08F-C81C-45F6-A57F-5ABD9991F28F}") = "SimpleSSHDemo_VS2005", "SimpleSSHDemo_VS2005.vbproj", "{247A6369-5B33-410A-8BCF-22016878DC82}"
EndProject
Global
	GlobalSection(SolutionConfigurationPlatforms) = preSolution
		Debug|Any CPU = Debug|Any CPU
		Release|Any CPU = Release|Any CPU
	EndGlobalSection
	GlobalSection(ProjectConfigurationPlatforms) = postSolution
		{247A6369-5B33-410A-8BCF-22016878DC82}.Debug|Any CPU.ActiveCfg = Debug|Any CPU
		{247A6369-5B33-410A-8BCF-22016878DC82}.Debug|Any CPU.Build.0 = Debug|Any CPU
		{247A6369-5B33-410A-8BCF-22016878DC82}.Release|Any CPU.ActiveCfg = Release|Any CPU
		{247A6369-5B33-410A-8BCF-22016878DC82}.Release|Any CPU.Build.0 = Release|Any CPU
	EndGlobalSection
	GlobalSection(SolutionProperties) = preSolution
		HideSolutionNode = FALSE
	EndGlobalSection
EndGlobal
