Microsoft Visual Studio Solution File, Format Version 8.00
Project("{FAE04EC0-301F-11D3-BF4B-00C04F79EFBC}") = "TestApp", "TestApp.csproj", "{D0389A3B-CEE7-45C6-8D7B-0683966E8C2A}"
	ProjectSection(ProjectDependencies) = postProject
	EndProjectSection
EndProject
Global
	GlobalSection(SolutionConfiguration) = preSolution
		Debug = Debug
		Release = Release
	EndGlobalSection
	GlobalSection(ProjectConfiguration) = postSolution
		{D0389A3B-CEE7-45C6-8D7B-0683966E8C2A}.Debug.ActiveCfg = Debug|.NET
		{D0389A3B-CEE7-45C6-8D7B-0683966E8C2A}.Debug.Build.0 = Debug|.NET
		{D0389A3B-CEE7-45C6-8D7B-0683966E8C2A}.Release.ActiveCfg = Release|.NET
		{D0389A3B-CEE7-45C6-8D7B-0683966E8C2A}.Release.Build.0 = Release|.NET
	EndGlobalSection
	GlobalSection(ExtensibilityGlobals) = postSolution
	EndGlobalSection
	GlobalSection(ExtensibilityAddIns) = postSolution
	EndGlobalSection
EndGlobal
