Microsoft Visual Studio Solution File, Format Version 8.00
Project("{F184B08F-C81C-45F6-A57F-5ABD9991F28F}") = "PGPKeysDemo", "PGPKeysDemo.vbproj", "{1290B347-B193-451E-A8BB-A1786AAE4314}"
	ProjectSection(ProjectDependencies) = postProject
	EndProjectSection
EndProject
Global
	GlobalSection(SolutionConfiguration) = preSolution
		Debug = Debug
		Release = Release
	EndGlobalSection
	GlobalSection(ProjectConfiguration) = postSolution
		{1290B347-B193-451E-A8BB-A1786AAE4314}.Debug.ActiveCfg = Debug|.NET
		{1290B347-B193-451E-A8BB-A1786AAE4314}.Debug.Build.0 = Debug|.NET
		{1290B347-B193-451E-A8BB-A1786AAE4314}.Release.ActiveCfg = Release|.NET
		{1290B347-B193-451E-A8BB-A1786AAE4314}.Release.Build.0 = Release|.NET
	EndGlobalSection
	GlobalSection(ExtensibilityGlobals) = postSolution
	EndGlobalSection
	GlobalSection(ExtensibilityAddIns) = postSolution
	EndGlobalSection
EndGlobal
