Microsoft Visual Studio Solution File, Format Version 7.00
Project("{FAE04EC0-301F-11D3-BF4B-00C04F79EFBC}") = "SynchronizedQueue", "SynchronizedQueue.csproj", "{4DD94D72-1974-4CCF-B593-79838124EEFD}"
EndProject
Global
	GlobalSection(SolutionConfiguration) = preSolution
		ConfigName.0 = Debug
		ConfigName.1 = Release
	EndGlobalSection
	GlobalSection(ProjectDependencies) = postSolution
	EndGlobalSection
	GlobalSection(ProjectConfiguration) = postSolution
		{4DD94D72-1974-4CCF-B593-79838124EEFD}.Debug.ActiveCfg = Debug|.NET
		{4DD94D72-1974-4CCF-B593-79838124EEFD}.Debug.Build.0 = Debug|.NET
		{4DD94D72-1974-4CCF-B593-79838124EEFD}.Release.ActiveCfg = Release|.NET
		{4DD94D72-1974-4CCF-B593-79838124EEFD}.Release.Build.0 = Release|.NET
	EndGlobalSection
	GlobalSection(ExtensibilityGlobals) = postSolution
	EndGlobalSection
	GlobalSection(ExtensibilityAddIns) = postSolution
	EndGlobalSection
EndGlobal
