
Microsoft Visual Studio Solution File, Format Version 9.00
# Visual Studio 2005
Project("{F184B08F-C81C-45F6-A57F-5ABD9991F28F}") = "TinySigner_VS2005", "TinySigner_VS2005.vbproj", "{B802C9AB-BF36-4B6F-B885-2A02F6847239}"
EndProject
Global
	GlobalSection(SolutionConfigurationPlatforms) = preSolution
		Debug|Any CPU = Debug|Any CPU
		Release|Any CPU = Release|Any CPU
	EndGlobalSection
	GlobalSection(ProjectConfigurationPlatforms) = postSolution
		{B802C9AB-BF36-4B6F-B885-2A02F6847239}.Debug|Any CPU.ActiveCfg = Debug|Any CPU
		{B802C9AB-BF36-4B6F-B885-2A02F6847239}.Debug|Any CPU.Build.0 = Debug|Any CPU
		{B802C9AB-BF36-4B6F-B885-2A02F6847239}.Release|Any CPU.ActiveCfg = Release|Any CPU
		{B802C9AB-BF36-4B6F-B885-2A02F6847239}.Release|Any CPU.Build.0 = Release|Any CPU
	EndGlobalSection
	GlobalSection(SolutionProperties) = preSolution
		HideSolutionNode = FALSE
	EndGlobalSection
EndGlobal
