Microsoft Visual Studio Solution File, Format Version 8.00
Project("{FAE04EC0-301F-11D3-BF4B-00C04F79EFBC}") = "StressTesting", "StressTesting.csproj", "{4180701F-8D1A-42BE-893B-C53980B8A38A}"
	ProjectSection(ProjectDependencies) = postProject
	EndProjectSection
EndProject
Global
	GlobalSection(SolutionConfiguration) = preSolution
		Debug = Debug
		Release = Release
	EndGlobalSection
	GlobalSection(ProjectConfiguration) = postSolution
		{4180701F-8D1A-42BE-893B-C53980B8A38A}.Debug.ActiveCfg = Debug|.NET
		{4180701F-8D1A-42BE-893B-C53980B8A38A}.Debug.Build.0 = Debug|.NET
		{4180701F-8D1A-42BE-893B-C53980B8A38A}.Release.ActiveCfg = Release|.NET
		{4180701F-8D1A-42BE-893B-C53980B8A38A}.Release.Build.0 = Release|.NET
	EndGlobalSection
	GlobalSection(ExtensibilityGlobals) = postSolution
	EndGlobalSection
	GlobalSection(ExtensibilityAddIns) = postSolution
	EndGlobalSection
EndGlobal
