Microsoft Visual Studio Solution File, Format Version 9.00
# Visual Studio 2005
Project("{FAE04EC0-301F-11D3-BF4B-00C04F79EFBC}") = "MimeMaker_VS2005", "MimeMaker_VS2005.csproj", "{2B7E3254-4836-4799-877B-E658FF53E986}"
EndProject
Global
	GlobalSection(SolutionConfigurationPlatforms) = preSolution
		Debug|Any CPU = Debug|Any CPU
		Release|Any CPU = Release|Any CPU
	EndGlobalSection
	GlobalSection(ProjectConfigurationPlatforms) = postSolution
		{2B7E3254-4836-4799-877B-E658FF53E986}.Debug|Any CPU.ActiveCfg = Debug|Any CPU
		{2B7E3254-4836-4799-877B-E658FF53E986}.Debug|Any CPU.Build.0 = Debug|Any CPU
		{2B7E3254-4836-4799-877B-E658FF53E986}.Release|Any CPU.ActiveCfg = Release|Any CPU
		{2B7E3254-4836-4799-877B-E658FF53E986}.Release|Any CPU.Build.0 = Release|Any CPU
	EndGlobalSection
	GlobalSection(SolutionProperties) = preSolution
		HideSolutionNode = FALSE
	EndGlobalSection
EndGlobal
