Microsoft Visual Studio Solution File, Format Version 7.00
Project("{FAE04EC0-301F-11D3-BF4B-00C04F79EFBC}") = "MethodInfoSpike", "MethodInfoSpike.csproj", "{B21B2776-D1CE-42AF-BD8F-F5290F0C10C3}"
EndProject
Global
	GlobalSection(SolutionConfiguration) = preSolution
		ConfigName.0 = Debug
		ConfigName.1 = Release
	EndGlobalSection
	GlobalSection(ProjectDependencies) = postSolution
	EndGlobalSection
	GlobalSection(ProjectConfiguration) = postSolution
		{B21B2776-D1CE-42AF-BD8F-F5290F0C10C3}.Debug.ActiveCfg = Debug|.NET
		{B21B2776-D1CE-42AF-BD8F-F5290F0C10C3}.Debug.Build.0 = Debug|.NET
		{B21B2776-D1CE-42AF-BD8F-F5290F0C10C3}.Release.ActiveCfg = Release|.NET
		{B21B2776-D1CE-42AF-BD8F-F5290F0C10C3}.Release.Build.0 = Release|.NET
	EndGlobalSection
	GlobalSection(ExtensibilityGlobals) = postSolution
	EndGlobalSection
	GlobalSection(ExtensibilityAddIns) = postSolution
	EndGlobalSection
EndGlobal
