Microsoft Visual Studio Solution File, Format Version 8.00
Project("{FAE04EC0-301F-11D3-BF4B-00C04F79EFBC}") = "PasswordReset", "NativeActions\PasswordReset.csproj", "{B5078E09-6A4E-434C-9A02-50562926F132}"
	ProjectSection(ProjectDependencies) = postProject
	EndProjectSection
EndProject
Global
	GlobalSection(SolutionConfiguration) = preSolution
		Debug = Debug
		Release = Release
	EndGlobalSection
	GlobalSection(ProjectConfiguration) = postSolution
		{B5078E09-6A4E-434C-9A02-50562926F132}.Debug.ActiveCfg = Debug|.NET
		{B5078E09-6A4E-434C-9A02-50562926F132}.Debug.Build.0 = Debug|.NET
		{B5078E09-6A4E-434C-9A02-50562926F132}.Release.ActiveCfg = Release|.NET
		{B5078E09-6A4E-434C-9A02-50562926F132}.Release.Build.0 = Release|.NET
	EndGlobalSection
	GlobalSection(ExtensibilityGlobals) = postSolution
	EndGlobalSection
	GlobalSection(ExtensibilityAddIns) = postSolution
	EndGlobalSection
EndGlobal
