Microsoft Visual Studio Solution File, Format Version 8.00
Project("{FAE04EC0-301F-11D3-BF4B-00C04F79EFBC}") = "HttpSender", "HttpSender.csproj", "{B2488FF6-38EA-4D43-8E43-AE8D92B1AA82}"
	ProjectSection(ProjectDependencies) = postProject
	EndProjectSection
EndProject
Global
	GlobalSection(SolutionConfiguration) = preSolution
		Debug = Debug
		Release = Release
	EndGlobalSection
	GlobalSection(ProjectConfiguration) = postSolution
		{B2488FF6-38EA-4D43-8E43-AE8D92B1AA82}.Debug.ActiveCfg = Debug|.NET
		{B2488FF6-38EA-4D43-8E43-AE8D92B1AA82}.Debug.Build.0 = Debug|.NET
		{B2488FF6-38EA-4D43-8E43-AE8D92B1AA82}.Release.ActiveCfg = Release|.NET
		{B2488FF6-38EA-4D43-8E43-AE8D92B1AA82}.Release.Build.0 = Release|.NET
	EndGlobalSection
	GlobalSection(ExtensibilityGlobals) = postSolution
	EndGlobalSection
	GlobalSection(ExtensibilityAddIns) = postSolution
	EndGlobalSection
EndGlobal
