Microsoft Visual Studio Solution File, Format Version 8.00
Project("{FAE04EC0-301F-11D3-BF4B-00C04F79EFBC}") = "ChatServer", "Server\ChatServer.csproj", "{B6B72DD6-C44B-4123-8205-7A7734B00CD8}"
	ProjectSection(ProjectDependencies) = postProject
		{B676AA0D-4080-48CE-84AD-EC3FBF35E461} = {B676AA0D-4080-48CE-84AD-EC3FBF35E461}
	EndProjectSection
EndProject
Project("{FAE04EC0-301F-11D3-BF4B-00C04F79EFBC}") = "ChatClient", "Client\ChatClient.csproj", "{61500CEB-1D34-471A-9C31-B36D755E082E}"
	ProjectSection(ProjectDependencies) = postProject
		{B676AA0D-4080-48CE-84AD-EC3FBF35E461} = {B676AA0D-4080-48CE-84AD-EC3FBF35E461}
	EndProjectSection
EndProject
Project("{FAE04EC0-301F-11D3-BF4B-00C04F79EFBC}") = "SSLConnection", "..\..\..\ROInternetPack.SSLConnection\SSLConnection.csproj", "{01F5EA8B-EFD5-439A-9DCF-E2D83ED01F81}"
	ProjectSection(ProjectDependencies) = postProject
	EndProjectSection
EndProject
Project("{FAE04EC0-301F-11D3-BF4B-00C04F79EFBC}") = "RemObjects.InternetPack.2003", "..\..\..\..\..\..\Components\Internet Pack for .NET\Source\RemObjects.InternetPack\RemObjects.InternetPack.2003.csproj", "{7C02E26A-2522-4C8F-8CAC-4E65854A09DE}"
	ProjectSection(ProjectDependencies) = postProject
	EndProjectSection
EndProject
Project("{FAE04EC0-301F-11D3-BF4B-00C04F79EFBC}") = "RemObjects.SDK.2003", "..\..\..\..\..\..\Components\RemObjects.NET\Source\RemObjects.SDK\RemObjects.SDK.2003.csproj", "{1C536D2B-4BD3-46BC-A205-D549B68B8E37}"
	ProjectSection(ProjectDependencies) = postProject
	EndProjectSection
EndProject
Project("{FAE04EC0-301F-11D3-BF4B-00C04F79EFBC}") = "RemObjects.SDK.Server.2003", "..\..\..\..\..\..\Components\RemObjects.NET\Source\RemObjects.SDK.Server\RemObjects.SDK.Server.2003.csproj", "{7457BE9B-6D99-48BF-A5AA-17492E8126AE}"
	ProjectSection(ProjectDependencies) = postProject
		{B676AA0D-4080-48CE-84AD-EC3FBF35E461} = {B676AA0D-4080-48CE-84AD-EC3FBF35E461}
	EndProjectSection
EndProject
Project("{FAE04EC0-301F-11D3-BF4B-00C04F79EFBC}") = "RemObjects.SDK.ZLib.2003", "..\..\..\..\..\..\Components\RemObjects.NET\Source\RemObjects.SDK.ZLib\RemObjects.SDK.ZLib.2003.csproj", "{B676AA0D-4080-48CE-84AD-EC3FBF35E461}"
	ProjectSection(ProjectDependencies) = postProject
	EndProjectSection
EndProject
Project("{FAE04EC0-301F-11D3-BF4B-00C04F79EFBC}") = "SecureBlackbox.SSLSocket", "..\..\..\SSLSocket\SecureBlackbox.SSLSocket\SecureBlackbox.SSLSocket.csproj", "{9B5F2891-8883-4525-AD0E-9ADA1DF26F80}"
	ProjectSection(ProjectDependencies) = postProject
	EndProjectSection
EndProject
Global
	GlobalSection(SolutionConfiguration) = preSolution
		Compact = Compact
		Debug = Debug
		IDE = IDE
		Mono = Mono
		Mono TRIAL = Mono TRIAL
		Release = Release
		ReleaseSigned = ReleaseSigned
		RO = RO
		TRIAL = TRIAL
	EndGlobalSection
	GlobalSection(ProjectConfiguration) = postSolution
		{B6B72DD6-C44B-4123-8205-7A7734B00CD8}.Compact.ActiveCfg = Release|.NET
		{B6B72DD6-C44B-4123-8205-7A7734B00CD8}.Compact.Build.0 = Release|.NET
		{B6B72DD6-C44B-4123-8205-7A7734B00CD8}.Debug.ActiveCfg = Debug|.NET
		{B6B72DD6-C44B-4123-8205-7A7734B00CD8}.Debug.Build.0 = Debug|.NET
		{B6B72DD6-C44B-4123-8205-7A7734B00CD8}.IDE.ActiveCfg = Release|.NET
		{B6B72DD6-C44B-4123-8205-7A7734B00CD8}.IDE.Build.0 = Release|.NET
		{B6B72DD6-C44B-4123-8205-7A7734B00CD8}.Mono.ActiveCfg = Release|.NET
		{B6B72DD6-C44B-4123-8205-7A7734B00CD8}.Mono.Build.0 = Release|.NET
		{B6B72DD6-C44B-4123-8205-7A7734B00CD8}.Mono TRIAL.ActiveCfg = Release|.NET
		{B6B72DD6-C44B-4123-8205-7A7734B00CD8}.Mono TRIAL.Build.0 = Release|.NET
		{B6B72DD6-C44B-4123-8205-7A7734B00CD8}.Release.ActiveCfg = Release|.NET
		{B6B72DD6-C44B-4123-8205-7A7734B00CD8}.Release.Build.0 = Release|.NET
		{B6B72DD6-C44B-4123-8205-7A7734B00CD8}.ReleaseSigned.ActiveCfg = Release|.NET
		{B6B72DD6-C44B-4123-8205-7A7734B00CD8}.ReleaseSigned.Build.0 = Release|.NET
		{B6B72DD6-C44B-4123-8205-7A7734B00CD8}.RO.ActiveCfg = Release|.NET
		{B6B72DD6-C44B-4123-8205-7A7734B00CD8}.RO.Build.0 = Release|.NET
		{B6B72DD6-C44B-4123-8205-7A7734B00CD8}.TRIAL.ActiveCfg = Release|.NET
		{B6B72DD6-C44B-4123-8205-7A7734B00CD8}.TRIAL.Build.0 = Release|.NET
		{61500CEB-1D34-471A-9C31-B36D755E082E}.Compact.ActiveCfg = Release|.NET
		{61500CEB-1D34-471A-9C31-B36D755E082E}.Compact.Build.0 = Release|.NET
		{61500CEB-1D34-471A-9C31-B36D755E082E}.Debug.ActiveCfg = Debug|.NET
		{61500CEB-1D34-471A-9C31-B36D755E082E}.Debug.Build.0 = Debug|.NET
		{61500CEB-1D34-471A-9C31-B36D755E082E}.IDE.ActiveCfg = Release|.NET
		{61500CEB-1D34-471A-9C31-B36D755E082E}.IDE.Build.0 = Release|.NET
		{61500CEB-1D34-471A-9C31-B36D755E082E}.Mono.ActiveCfg = Release|.NET
		{61500CEB-1D34-471A-9C31-B36D755E082E}.Mono.Build.0 = Release|.NET
		{61500CEB-1D34-471A-9C31-B36D755E082E}.Mono TRIAL.ActiveCfg = Release|.NET
		{61500CEB-1D34-471A-9C31-B36D755E082E}.Mono TRIAL.Build.0 = Release|.NET
		{61500CEB-1D34-471A-9C31-B36D755E082E}.Release.ActiveCfg = Release|.NET
		{61500CEB-1D34-471A-9C31-B36D755E082E}.Release.Build.0 = Release|.NET
		{61500CEB-1D34-471A-9C31-B36D755E082E}.ReleaseSigned.ActiveCfg = Release|.NET
		{61500CEB-1D34-471A-9C31-B36D755E082E}.ReleaseSigned.Build.0 = Release|.NET
		{61500CEB-1D34-471A-9C31-B36D755E082E}.RO.ActiveCfg = Release|.NET
		{61500CEB-1D34-471A-9C31-B36D755E082E}.RO.Build.0 = Release|.NET
		{61500CEB-1D34-471A-9C31-B36D755E082E}.TRIAL.ActiveCfg = Release|.NET
		{61500CEB-1D34-471A-9C31-B36D755E082E}.TRIAL.Build.0 = Release|.NET
		{01F5EA8B-EFD5-439A-9DCF-E2D83ED01F81}.Compact.ActiveCfg = Release|.NET
		{01F5EA8B-EFD5-439A-9DCF-E2D83ED01F81}.Compact.Build.0 = Release|.NET
		{01F5EA8B-EFD5-439A-9DCF-E2D83ED01F81}.Debug.ActiveCfg = Debug|.NET
		{01F5EA8B-EFD5-439A-9DCF-E2D83ED01F81}.Debug.Build.0 = Debug|.NET
		{01F5EA8B-EFD5-439A-9DCF-E2D83ED01F81}.IDE.ActiveCfg = Release|.NET
		{01F5EA8B-EFD5-439A-9DCF-E2D83ED01F81}.IDE.Build.0 = Release|.NET
		{01F5EA8B-EFD5-439A-9DCF-E2D83ED01F81}.Mono.ActiveCfg = Release|.NET
		{01F5EA8B-EFD5-439A-9DCF-E2D83ED01F81}.Mono.Build.0 = Release|.NET
		{01F5EA8B-EFD5-439A-9DCF-E2D83ED01F81}.Mono TRIAL.ActiveCfg = Release|.NET
		{01F5EA8B-EFD5-439A-9DCF-E2D83ED01F81}.Mono TRIAL.Build.0 = Release|.NET
		{01F5EA8B-EFD5-439A-9DCF-E2D83ED01F81}.Release.ActiveCfg = Release|.NET
		{01F5EA8B-EFD5-439A-9DCF-E2D83ED01F81}.Release.Build.0 = Release|.NET
		{01F5EA8B-EFD5-439A-9DCF-E2D83ED01F81}.ReleaseSigned.ActiveCfg = Release|.NET
		{01F5EA8B-EFD5-439A-9DCF-E2D83ED01F81}.ReleaseSigned.Build.0 = Release|.NET
		{01F5EA8B-EFD5-439A-9DCF-E2D83ED01F81}.RO.ActiveCfg = Release|.NET
		{01F5EA8B-EFD5-439A-9DCF-E2D83ED01F81}.RO.Build.0 = Release|.NET
		{01F5EA8B-EFD5-439A-9DCF-E2D83ED01F81}.TRIAL.ActiveCfg = Release|.NET
		{01F5EA8B-EFD5-439A-9DCF-E2D83ED01F81}.TRIAL.Build.0 = Release|.NET
		{7C02E26A-2522-4C8F-8CAC-4E65854A09DE}.Compact.ActiveCfg = Mono TRIAL|.NET
		{7C02E26A-2522-4C8F-8CAC-4E65854A09DE}.Compact.Build.0 = Mono TRIAL|.NET
		{7C02E26A-2522-4C8F-8CAC-4E65854A09DE}.Debug.ActiveCfg = Debug|.NET
		{7C02E26A-2522-4C8F-8CAC-4E65854A09DE}.Debug.Build.0 = Debug|.NET
		{7C02E26A-2522-4C8F-8CAC-4E65854A09DE}.IDE.ActiveCfg = Mono TRIAL|.NET
		{7C02E26A-2522-4C8F-8CAC-4E65854A09DE}.IDE.Build.0 = Mono TRIAL|.NET
		{7C02E26A-2522-4C8F-8CAC-4E65854A09DE}.Mono.ActiveCfg = Mono|.NET
		{7C02E26A-2522-4C8F-8CAC-4E65854A09DE}.Mono.Build.0 = Mono|.NET
		{7C02E26A-2522-4C8F-8CAC-4E65854A09DE}.Mono TRIAL.ActiveCfg = Mono TRIAL|.NET
		{7C02E26A-2522-4C8F-8CAC-4E65854A09DE}.Mono TRIAL.Build.0 = Mono TRIAL|.NET
		{7C02E26A-2522-4C8F-8CAC-4E65854A09DE}.Release.ActiveCfg = Release|.NET
		{7C02E26A-2522-4C8F-8CAC-4E65854A09DE}.Release.Build.0 = Release|.NET
		{7C02E26A-2522-4C8F-8CAC-4E65854A09DE}.ReleaseSigned.ActiveCfg = Release|.NET
		{7C02E26A-2522-4C8F-8CAC-4E65854A09DE}.ReleaseSigned.Build.0 = Release|.NET
		{7C02E26A-2522-4C8F-8CAC-4E65854A09DE}.RO.ActiveCfg = Release|.NET
		{7C02E26A-2522-4C8F-8CAC-4E65854A09DE}.RO.Build.0 = Release|.NET
		{7C02E26A-2522-4C8F-8CAC-4E65854A09DE}.TRIAL.ActiveCfg = TRIAL|.NET
		{7C02E26A-2522-4C8F-8CAC-4E65854A09DE}.TRIAL.Build.0 = TRIAL|.NET
		{1C536D2B-4BD3-46BC-A205-D549B68B8E37}.Compact.ActiveCfg = Mono TRIAL|.NET
		{1C536D2B-4BD3-46BC-A205-D549B68B8E37}.Compact.Build.0 = Mono TRIAL|.NET
		{1C536D2B-4BD3-46BC-A205-D549B68B8E37}.Debug.ActiveCfg = Debug|.NET
		{1C536D2B-4BD3-46BC-A205-D549B68B8E37}.Debug.Build.0 = Debug|.NET
		{1C536D2B-4BD3-46BC-A205-D549B68B8E37}.IDE.ActiveCfg = Mono TRIAL|.NET
		{1C536D2B-4BD3-46BC-A205-D549B68B8E37}.IDE.Build.0 = Mono TRIAL|.NET
		{1C536D2B-4BD3-46BC-A205-D549B68B8E37}.Mono.ActiveCfg = Mono|.NET
		{1C536D2B-4BD3-46BC-A205-D549B68B8E37}.Mono.Build.0 = Mono|.NET
		{1C536D2B-4BD3-46BC-A205-D549B68B8E37}.Mono TRIAL.ActiveCfg = Mono TRIAL|.NET
		{1C536D2B-4BD3-46BC-A205-D549B68B8E37}.Mono TRIAL.Build.0 = Mono TRIAL|.NET
		{1C536D2B-4BD3-46BC-A205-D549B68B8E37}.Release.ActiveCfg = Release|.NET
		{1C536D2B-4BD3-46BC-A205-D549B68B8E37}.Release.Build.0 = Release|.NET
		{1C536D2B-4BD3-46BC-A205-D549B68B8E37}.ReleaseSigned.ActiveCfg = Release|.NET
		{1C536D2B-4BD3-46BC-A205-D549B68B8E37}.ReleaseSigned.Build.0 = Release|.NET
		{1C536D2B-4BD3-46BC-A205-D549B68B8E37}.RO.ActiveCfg = Release|.NET
		{1C536D2B-4BD3-46BC-A205-D549B68B8E37}.RO.Build.0 = Release|.NET
		{1C536D2B-4BD3-46BC-A205-D549B68B8E37}.TRIAL.ActiveCfg = TRIAL|.NET
		{1C536D2B-4BD3-46BC-A205-D549B68B8E37}.TRIAL.Build.0 = TRIAL|.NET
		{7457BE9B-6D99-48BF-A5AA-17492E8126AE}.Compact.ActiveCfg = Mono TRIAL|.NET
		{7457BE9B-6D99-48BF-A5AA-17492E8126AE}.Compact.Build.0 = Mono TRIAL|.NET
		{7457BE9B-6D99-48BF-A5AA-17492E8126AE}.Debug.ActiveCfg = Debug|.NET
		{7457BE9B-6D99-48BF-A5AA-17492E8126AE}.Debug.Build.0 = Debug|.NET
		{7457BE9B-6D99-48BF-A5AA-17492E8126AE}.IDE.ActiveCfg = IDE|.NET
		{7457BE9B-6D99-48BF-A5AA-17492E8126AE}.IDE.Build.0 = IDE|.NET
		{7457BE9B-6D99-48BF-A5AA-17492E8126AE}.Mono.ActiveCfg = Mono|.NET
		{7457BE9B-6D99-48BF-A5AA-17492E8126AE}.Mono.Build.0 = Mono|.NET
		{7457BE9B-6D99-48BF-A5AA-17492E8126AE}.Mono TRIAL.ActiveCfg = Mono TRIAL|.NET
		{7457BE9B-6D99-48BF-A5AA-17492E8126AE}.Mono TRIAL.Build.0 = Mono TRIAL|.NET
		{7457BE9B-6D99-48BF-A5AA-17492E8126AE}.Release.ActiveCfg = Release|.NET
		{7457BE9B-6D99-48BF-A5AA-17492E8126AE}.Release.Build.0 = Release|.NET
		{7457BE9B-6D99-48BF-A5AA-17492E8126AE}.ReleaseSigned.ActiveCfg = Release|.NET
		{7457BE9B-6D99-48BF-A5AA-17492E8126AE}.ReleaseSigned.Build.0 = Release|.NET
		{7457BE9B-6D99-48BF-A5AA-17492E8126AE}.RO.ActiveCfg = RO|.NET
		{7457BE9B-6D99-48BF-A5AA-17492E8126AE}.RO.Build.0 = RO|.NET
		{7457BE9B-6D99-48BF-A5AA-17492E8126AE}.TRIAL.ActiveCfg = TRIAL|.NET
		{7457BE9B-6D99-48BF-A5AA-17492E8126AE}.TRIAL.Build.0 = TRIAL|.NET
		{B676AA0D-4080-48CE-84AD-EC3FBF35E461}.Compact.ActiveCfg = Mono TRIAL|.NET
		{B676AA0D-4080-48CE-84AD-EC3FBF35E461}.Compact.Build.0 = Mono TRIAL|.NET
		{B676AA0D-4080-48CE-84AD-EC3FBF35E461}.Debug.ActiveCfg = Debug|.NET
		{B676AA0D-4080-48CE-84AD-EC3FBF35E461}.Debug.Build.0 = Debug|.NET
		{B676AA0D-4080-48CE-84AD-EC3FBF35E461}.IDE.ActiveCfg = IDE|.NET
		{B676AA0D-4080-48CE-84AD-EC3FBF35E461}.IDE.Build.0 = IDE|.NET
		{B676AA0D-4080-48CE-84AD-EC3FBF35E461}.Mono.ActiveCfg = Mono|.NET
		{B676AA0D-4080-48CE-84AD-EC3FBF35E461}.Mono.Build.0 = Mono|.NET
		{B676AA0D-4080-48CE-84AD-EC3FBF35E461}.Mono TRIAL.ActiveCfg = Mono TRIAL|.NET
		{B676AA0D-4080-48CE-84AD-EC3FBF35E461}.Mono TRIAL.Build.0 = Mono TRIAL|.NET
		{B676AA0D-4080-48CE-84AD-EC3FBF35E461}.Release.ActiveCfg = Release|.NET
		{B676AA0D-4080-48CE-84AD-EC3FBF35E461}.Release.Build.0 = Release|.NET
		{B676AA0D-4080-48CE-84AD-EC3FBF35E461}.ReleaseSigned.ActiveCfg = Release|.NET
		{B676AA0D-4080-48CE-84AD-EC3FBF35E461}.ReleaseSigned.Build.0 = Release|.NET
		{B676AA0D-4080-48CE-84AD-EC3FBF35E461}.RO.ActiveCfg = RO|.NET
		{B676AA0D-4080-48CE-84AD-EC3FBF35E461}.RO.Build.0 = RO|.NET
		{B676AA0D-4080-48CE-84AD-EC3FBF35E461}.TRIAL.ActiveCfg = TRIAL|.NET
		{B676AA0D-4080-48CE-84AD-EC3FBF35E461}.TRIAL.Build.0 = TRIAL|.NET
		{9B5F2891-8883-4525-AD0E-9ADA1DF26F80}.Compact.ActiveCfg = ReleaseSigned|.NET
		{9B5F2891-8883-4525-AD0E-9ADA1DF26F80}.Compact.Build.0 = ReleaseSigned|.NET
		{9B5F2891-8883-4525-AD0E-9ADA1DF26F80}.Debug.ActiveCfg = Debug|.NET
		{9B5F2891-8883-4525-AD0E-9ADA1DF26F80}.Debug.Build.0 = Debug|.NET
		{9B5F2891-8883-4525-AD0E-9ADA1DF26F80}.IDE.ActiveCfg = ReleaseSigned|.NET
		{9B5F2891-8883-4525-AD0E-9ADA1DF26F80}.IDE.Build.0 = ReleaseSigned|.NET
		{9B5F2891-8883-4525-AD0E-9ADA1DF26F80}.Mono.ActiveCfg = ReleaseSigned|.NET
		{9B5F2891-8883-4525-AD0E-9ADA1DF26F80}.Mono.Build.0 = ReleaseSigned|.NET
		{9B5F2891-8883-4525-AD0E-9ADA1DF26F80}.Mono TRIAL.ActiveCfg = ReleaseSigned|.NET
		{9B5F2891-8883-4525-AD0E-9ADA1DF26F80}.Mono TRIAL.Build.0 = ReleaseSigned|.NET
		{9B5F2891-8883-4525-AD0E-9ADA1DF26F80}.Release.ActiveCfg = Release|.NET
		{9B5F2891-8883-4525-AD0E-9ADA1DF26F80}.Release.Build.0 = Release|.NET
		{9B5F2891-8883-4525-AD0E-9ADA1DF26F80}.ReleaseSigned.ActiveCfg = ReleaseSigned|.NET
		{9B5F2891-8883-4525-AD0E-9ADA1DF26F80}.ReleaseSigned.Build.0 = ReleaseSigned|.NET
		{9B5F2891-8883-4525-AD0E-9ADA1DF26F80}.RO.ActiveCfg = ReleaseSigned|.NET
		{9B5F2891-8883-4525-AD0E-9ADA1DF26F80}.RO.Build.0 = ReleaseSigned|.NET
		{9B5F2891-8883-4525-AD0E-9ADA1DF26F80}.TRIAL.ActiveCfg = ReleaseSigned|.NET
		{9B5F2891-8883-4525-AD0E-9ADA1DF26F80}.TRIAL.Build.0 = ReleaseSigned|.NET
	EndGlobalSection
	GlobalSection(ExtensibilityGlobals) = postSolution
	EndGlobalSection
	GlobalSection(ExtensibilityAddIns) = postSolution
	EndGlobalSection
EndGlobal
