Microsoft Visual Studio Solution File, Format Version 8.00
Project("{F184B08F-C81C-45F6-A57F-5ABD9991F28F}") = "PGPFilesDemo", "PGPFilesDemo.vbproj", "{2131AB2D-EC65-437B-ADBB-CE03C47E78B4}"
	ProjectSection(ProjectDependencies) = postProject
	EndProjectSection
EndProject
Global
	GlobalSection(SolutionConfiguration) = preSolution
		Debug = Debug
		Release = Release
	EndGlobalSection
	GlobalSection(ProjectConfiguration) = postSolution
		{2131AB2D-EC65-437B-ADBB-CE03C47E78B4}.Debug.ActiveCfg = Debug|.NET
		{2131AB2D-EC65-437B-ADBB-CE03C47E78B4}.Debug.Build.0 = Debug|.NET
		{2131AB2D-EC65-437B-ADBB-CE03C47E78B4}.Release.ActiveCfg = Release|.NET
		{2131AB2D-EC65-437B-ADBB-CE03C47E78B4}.Release.Build.0 = Release|.NET
	EndGlobalSection
	GlobalSection(ExtensibilityGlobals) = postSolution
	EndGlobalSection
	GlobalSection(ExtensibilityAddIns) = postSolution
	EndGlobalSection
EndGlobal
