Microsoft Visual Studio Solution File, Format Version 10.00
# Visual Studio 2008
Project("{FAE04EC0-301F-11D3-BF4B-00C04F79EFBC}") = "ServiceRuntime", "ServiceRuntime\ServiceRuntime.csproj", "{4FA62A93-6C0E-4D84-8F2D-6D6DCACD23D4}"
	ProjectSection(ProjectDependencies) = postProject
		{555CC700-E07F-41F9-B04E-DF5B250E6C8E} = {555CC700-E07F-41F9-B04E-DF5B250E6C8E}
		{555CC700-E07F-41F9-B04E-DF5B250E6C8E} = {555CC700-E07F-41F9-B04E-DF5B250E6C8E}
		{555CC700-E07F-41F9-B04E-DF5B250E6C8E} = {555CC700-E07F-41F9-B04E-DF5B250E6C8E}
		{555CC700-E07F-41F9-B04E-DF5B250E6C8E} = {555CC700-E07F-41F9-B04E-DF5B250E6C8E}
		{555CC700-E07F-41F9-B04E-DF5B250E6C8E} = {555CC700-E07F-41F9-B04E-DF5B250E6C8E}
		{555CC700-E07F-41F9-B04E-DF5B250E6C8E} = {555CC700-E07F-41F9-B04E-DF5B250E6C8E}
		{555CC700-E07F-41F9-B04E-DF5B250E6C8E} = {555CC700-E07F-41F9-B04E-DF5B250E6C8E}
		{555CC700-E07F-41F9-B04E-DF5B250E6C8E} = {555CC700-E07F-41F9-B04E-DF5B250E6C8E}
		{555CC700-E07F-41F9-B04E-DF5B250E6C8E} = {555CC700-E07F-41F9-B04E-DF5B250E6C8E}
		{555CC700-E07F-41F9-B04E-DF5B250E6C8E} = {555CC700-E07F-41F9-B04E-DF5B250E6C8E}
		{555CC700-E07F-41F9-B04E-DF5B250E6C8E} = {555CC700-E07F-41F9-B04E-DF5B250E6C8E}
	EndProjectSection
EndProject
Project("{FAE04EC0-301F-11D3-BF4B-00C04F79EFBC}") = "CommonRuntime", "CommonRuntime\CommonRuntime.csproj", "{555CC700-E07F-41F9-B04E-DF5B250E6C8E}"
EndProject
Project("{FAE04EC0-301F-11D3-BF4B-00C04F79EFBC}") = "ARE", "ARE\ARE.csproj", "{B1616349-58A4-44E1-82BB-F4A75F523F8D}"
EndProject
Project("{FAE04EC0-301F-11D3-BF4B-00C04F79EFBC}") = "ConsoleRuntime", "ConsoleRuntime\ConsoleRuntime.csproj", "{A851D23E-46E2-41AE-943B-2F5276D043C7}"
	ProjectSection(ProjectDependencies) = postProject
		{555CC700-E07F-41F9-B04E-DF5B250E6C8E} = {555CC700-E07F-41F9-B04E-DF5B250E6C8E}
		{555CC700-E07F-41F9-B04E-DF5B250E6C8E} = {555CC700-E07F-41F9-B04E-DF5B250E6C8E}
		{555CC700-E07F-41F9-B04E-DF5B250E6C8E} = {555CC700-E07F-41F9-B04E-DF5B250E6C8E}
		{555CC700-E07F-41F9-B04E-DF5B250E6C8E} = {555CC700-E07F-41F9-B04E-DF5B250E6C8E}
		{555CC700-E07F-41F9-B04E-DF5B250E6C8E} = {555CC700-E07F-41F9-B04E-DF5B250E6C8E}
		{555CC700-E07F-41F9-B04E-DF5B250E6C8E} = {555CC700-E07F-41F9-B04E-DF5B250E6C8E}
		{555CC700-E07F-41F9-B04E-DF5B250E6C8E} = {555CC700-E07F-41F9-B04E-DF5B250E6C8E}
		{555CC700-E07F-41F9-B04E-DF5B250E6C8E} = {555CC700-E07F-41F9-B04E-DF5B250E6C8E}
		{555CC700-E07F-41F9-B04E-DF5B250E6C8E} = {555CC700-E07F-41F9-B04E-DF5B250E6C8E}
		{555CC700-E07F-41F9-B04E-DF5B250E6C8E} = {555CC700-E07F-41F9-B04E-DF5B250E6C8E}
		{555CC700-E07F-41F9-B04E-DF5B250E6C8E} = {555CC700-E07F-41F9-B04E-DF5B250E6C8E}
	EndProjectSection
EndProject
Project("{FAE04EC0-301F-11D3-BF4B-00C04F79EFBC}") = "PostBuild", "PostBuild\PostBuild.csproj", "{2D861A88-063A-4E10-B414-EEB4E9D915A1}"
	ProjectSection(ProjectDependencies) = postProject
		{71795EA6-70C8-40BC-BF5F-2E9FA703F3F5} = {71795EA6-70C8-40BC-BF5F-2E9FA703F3F5}
		{4FA62A93-6C0E-4D84-8F2D-6D6DCACD23D4} = {4FA62A93-6C0E-4D84-8F2D-6D6DCACD23D4}
		{0C912B87-D58B-44FB-B066-9D9CA3195B7F} = {0C912B87-D58B-44FB-B066-9D9CA3195B7F}
		{DB1F2069-273A-4E9A-8CDB-611907F982F2} = {DB1F2069-273A-4E9A-8CDB-611907F982F2}
		{AF06E361-A3F2-47BC-97D1-EE0A0CB22877} = {AF06E361-A3F2-47BC-97D1-EE0A0CB22877}
		{80D15A50-DBFD-4877-A47E-96B368B29929} = {80D15A50-DBFD-4877-A47E-96B368B29929}
		{B1616349-58A4-44E1-82BB-F4A75F523F8D} = {B1616349-58A4-44E1-82BB-F4A75F523F8D}
		{A851D23E-46E2-41AE-943B-2F5276D043C7} = {A851D23E-46E2-41AE-943B-2F5276D043C7}
		{ABDD520E-3F5E-4FEF-BDC3-9A89D3B17395} = {ABDD520E-3F5E-4FEF-BDC3-9A89D3B17395}
		{555CC700-E07F-41F9-B04E-DF5B250E6C8E} = {555CC700-E07F-41F9-B04E-DF5B250E6C8E}
	EndProjectSection
EndProject
Project("{FAE04EC0-301F-11D3-BF4B-00C04F79EFBC}") = "ApplicationManager", "ApplicationManager\ApplicationManager.csproj", "{71795EA6-70C8-40BC-BF5F-2E9FA703F3F5}"
EndProject
Project("{FAE04EC0-301F-11D3-BF4B-00C04F79EFBC}") = "EventRouter", "EventRouter\EventRouter.csproj", "{80D15A50-DBFD-4877-A47E-96B368B29929}"
EndProject
Project("{FAE04EC0-301F-11D3-BF4B-00C04F79EFBC}") = "Management", "IPC\Management.csproj", "{ABDD520E-3F5E-4FEF-BDC3-9A89D3B17395}"
EndProject
Project("{FAE04EC0-301F-11D3-BF4B-00C04F79EFBC}") = "TelephonyManager", "TelephonyManager\TelephonyManager.csproj", "{0C912B87-D58B-44FB-B066-9D9CA3195B7F}"
EndProject
Project("{FAE04EC0-301F-11D3-BF4B-00C04F79EFBC}") = "Clustering", "Clustering\Clustering.csproj", "{DB1F2069-273A-4E9A-8CDB-611907F982F2}"
EndProject
Project("{FAE04EC0-301F-11D3-BF4B-00C04F79EFBC}") = "ProviderManager", "ProviderManager\ProviderManager.csproj", "{AF06E361-A3F2-47BC-97D1-EE0A0CB22877}"
EndProject
Project("{FAE04EC0-301F-11D3-BF4B-00C04F79EFBC}") = "UnitTest", "X:\appserver\UnitTest\UnitTest.csproj", "{0964F20A-3769-4481-930B-0A3A8197C205}"
	ProjectSection(ProjectDependencies) = postProject
		{2D861A88-063A-4E10-B414-EEB4E9D915A1} = {2D861A88-063A-4E10-B414-EEB4E9D915A1}
	EndProjectSection
EndProject
Global
	GlobalSection(SolutionConfigurationPlatforms) = preSolution
		Debug|Any CPU = Debug|Any CPU
		DebugMethodCallTrace|Any CPU = DebugMethodCallTrace|Any CPU
		Release|Any CPU = Release|Any CPU
	EndGlobalSection
	GlobalSection(ProjectConfigurationPlatforms) = postSolution
		{4FA62A93-6C0E-4D84-8F2D-6D6DCACD23D4}.Debug|Any CPU.ActiveCfg = Debug|Any CPU
		{4FA62A93-6C0E-4D84-8F2D-6D6DCACD23D4}.Debug|Any CPU.Build.0 = Debug|Any CPU
		{4FA62A93-6C0E-4D84-8F2D-6D6DCACD23D4}.DebugMethodCallTrace|Any CPU.ActiveCfg = DebugMethodCallTrace|Any CPU
		{4FA62A93-6C0E-4D84-8F2D-6D6DCACD23D4}.DebugMethodCallTrace|Any CPU.Build.0 = DebugMethodCallTrace|Any CPU
		{4FA62A93-6C0E-4D84-8F2D-6D6DCACD23D4}.Release|Any CPU.ActiveCfg = Release|Any CPU
		{4FA62A93-6C0E-4D84-8F2D-6D6DCACD23D4}.Release|Any CPU.Build.0 = Release|Any CPU
		{555CC700-E07F-41F9-B04E-DF5B250E6C8E}.Debug|Any CPU.ActiveCfg = Debug|Any CPU
		{555CC700-E07F-41F9-B04E-DF5B250E6C8E}.Debug|Any CPU.Build.0 = Debug|Any CPU
		{555CC700-E07F-41F9-B04E-DF5B250E6C8E}.DebugMethodCallTrace|Any CPU.ActiveCfg = DebugMethodCallTrace|Any CPU
		{555CC700-E07F-41F9-B04E-DF5B250E6C8E}.DebugMethodCallTrace|Any CPU.Build.0 = DebugMethodCallTrace|Any CPU
		{555CC700-E07F-41F9-B04E-DF5B250E6C8E}.Release|Any CPU.ActiveCfg = Release|Any CPU
		{555CC700-E07F-41F9-B04E-DF5B250E6C8E}.Release|Any CPU.Build.0 = Release|Any CPU
		{B1616349-58A4-44E1-82BB-F4A75F523F8D}.Debug|Any CPU.ActiveCfg = Debug|Any CPU
		{B1616349-58A4-44E1-82BB-F4A75F523F8D}.Debug|Any CPU.Build.0 = Debug|Any CPU
		{B1616349-58A4-44E1-82BB-F4A75F523F8D}.DebugMethodCallTrace|Any CPU.ActiveCfg = DebugMethodCallTrace|Any CPU
		{B1616349-58A4-44E1-82BB-F4A75F523F8D}.DebugMethodCallTrace|Any CPU.Build.0 = DebugMethodCallTrace|Any CPU
		{B1616349-58A4-44E1-82BB-F4A75F523F8D}.Release|Any CPU.ActiveCfg = Release|Any CPU
		{B1616349-58A4-44E1-82BB-F4A75F523F8D}.Release|Any CPU.Build.0 = Release|Any CPU
		{A851D23E-46E2-41AE-943B-2F5276D043C7}.Debug|Any CPU.ActiveCfg = Debug|Any CPU
		{A851D23E-46E2-41AE-943B-2F5276D043C7}.Debug|Any CPU.Build.0 = Debug|Any CPU
		{A851D23E-46E2-41AE-943B-2F5276D043C7}.DebugMethodCallTrace|Any CPU.ActiveCfg = DebugMethodCallTrace|Any CPU
		{A851D23E-46E2-41AE-943B-2F5276D043C7}.DebugMethodCallTrace|Any CPU.Build.0 = DebugMethodCallTrace|Any CPU
		{A851D23E-46E2-41AE-943B-2F5276D043C7}.Release|Any CPU.ActiveCfg = Release|Any CPU
		{A851D23E-46E2-41AE-943B-2F5276D043C7}.Release|Any CPU.Build.0 = Release|Any CPU
		{2D861A88-063A-4E10-B414-EEB4E9D915A1}.Debug|Any CPU.ActiveCfg = Debug|Any CPU
		{2D861A88-063A-4E10-B414-EEB4E9D915A1}.Debug|Any CPU.Build.0 = Debug|Any CPU
		{2D861A88-063A-4E10-B414-EEB4E9D915A1}.DebugMethodCallTrace|Any CPU.ActiveCfg = DebugMethodCallTrace|Any CPU
		{2D861A88-063A-4E10-B414-EEB4E9D915A1}.DebugMethodCallTrace|Any CPU.Build.0 = DebugMethodCallTrace|Any CPU
		{2D861A88-063A-4E10-B414-EEB4E9D915A1}.Release|Any CPU.ActiveCfg = Release|Any CPU
		{2D861A88-063A-4E10-B414-EEB4E9D915A1}.Release|Any CPU.Build.0 = Release|Any CPU
		{71795EA6-70C8-40BC-BF5F-2E9FA703F3F5}.Debug|Any CPU.ActiveCfg = Debug|Any CPU
		{71795EA6-70C8-40BC-BF5F-2E9FA703F3F5}.Debug|Any CPU.Build.0 = Debug|Any CPU
		{71795EA6-70C8-40BC-BF5F-2E9FA703F3F5}.DebugMethodCallTrace|Any CPU.ActiveCfg = Debug|Any CPU
		{71795EA6-70C8-40BC-BF5F-2E9FA703F3F5}.DebugMethodCallTrace|Any CPU.Build.0 = Debug|Any CPU
		{71795EA6-70C8-40BC-BF5F-2E9FA703F3F5}.Release|Any CPU.ActiveCfg = Release|Any CPU
		{71795EA6-70C8-40BC-BF5F-2E9FA703F3F5}.Release|Any CPU.Build.0 = Release|Any CPU
		{80D15A50-DBFD-4877-A47E-96B368B29929}.Debug|Any CPU.ActiveCfg = Debug|Any CPU
		{80D15A50-DBFD-4877-A47E-96B368B29929}.Debug|Any CPU.Build.0 = Debug|Any CPU
		{80D15A50-DBFD-4877-A47E-96B368B29929}.DebugMethodCallTrace|Any CPU.ActiveCfg = Debug|Any CPU
		{80D15A50-DBFD-4877-A47E-96B368B29929}.DebugMethodCallTrace|Any CPU.Build.0 = Debug|Any CPU
		{80D15A50-DBFD-4877-A47E-96B368B29929}.Release|Any CPU.ActiveCfg = Release|Any CPU
		{80D15A50-DBFD-4877-A47E-96B368B29929}.Release|Any CPU.Build.0 = Release|Any CPU
		{ABDD520E-3F5E-4FEF-BDC3-9A89D3B17395}.Debug|Any CPU.ActiveCfg = Debug|Any CPU
		{ABDD520E-3F5E-4FEF-BDC3-9A89D3B17395}.Debug|Any CPU.Build.0 = Debug|Any CPU
		{ABDD520E-3F5E-4FEF-BDC3-9A89D3B17395}.DebugMethodCallTrace|Any CPU.ActiveCfg = Debug|Any CPU
		{ABDD520E-3F5E-4FEF-BDC3-9A89D3B17395}.DebugMethodCallTrace|Any CPU.Build.0 = Debug|Any CPU
		{ABDD520E-3F5E-4FEF-BDC3-9A89D3B17395}.Release|Any CPU.ActiveCfg = Release|Any CPU
		{ABDD520E-3F5E-4FEF-BDC3-9A89D3B17395}.Release|Any CPU.Build.0 = Release|Any CPU
		{0C912B87-D58B-44FB-B066-9D9CA3195B7F}.Debug|Any CPU.ActiveCfg = Debug|Any CPU
		{0C912B87-D58B-44FB-B066-9D9CA3195B7F}.Debug|Any CPU.Build.0 = Debug|Any CPU
		{0C912B87-D58B-44FB-B066-9D9CA3195B7F}.DebugMethodCallTrace|Any CPU.ActiveCfg = Debug|Any CPU
		{0C912B87-D58B-44FB-B066-9D9CA3195B7F}.DebugMethodCallTrace|Any CPU.Build.0 = Debug|Any CPU
		{0C912B87-D58B-44FB-B066-9D9CA3195B7F}.Release|Any CPU.ActiveCfg = Release|Any CPU
		{0C912B87-D58B-44FB-B066-9D9CA3195B7F}.Release|Any CPU.Build.0 = Release|Any CPU
		{DB1F2069-273A-4E9A-8CDB-611907F982F2}.Debug|Any CPU.ActiveCfg = Debug|Any CPU
		{DB1F2069-273A-4E9A-8CDB-611907F982F2}.Debug|Any CPU.Build.0 = Debug|Any CPU
		{DB1F2069-273A-4E9A-8CDB-611907F982F2}.DebugMethodCallTrace|Any CPU.ActiveCfg = Debug|Any CPU
		{DB1F2069-273A-4E9A-8CDB-611907F982F2}.DebugMethodCallTrace|Any CPU.Build.0 = Debug|Any CPU
		{DB1F2069-273A-4E9A-8CDB-611907F982F2}.Release|Any CPU.ActiveCfg = Release|Any CPU
		{DB1F2069-273A-4E9A-8CDB-611907F982F2}.Release|Any CPU.Build.0 = Release|Any CPU
		{AF06E361-A3F2-47BC-97D1-EE0A0CB22877}.Debug|Any CPU.ActiveCfg = Debug|Any CPU
		{AF06E361-A3F2-47BC-97D1-EE0A0CB22877}.Debug|Any CPU.Build.0 = Debug|Any CPU
		{AF06E361-A3F2-47BC-97D1-EE0A0CB22877}.DebugMethodCallTrace|Any CPU.ActiveCfg = Debug|Any CPU
		{AF06E361-A3F2-47BC-97D1-EE0A0CB22877}.DebugMethodCallTrace|Any CPU.Build.0 = Debug|Any CPU
		{AF06E361-A3F2-47BC-97D1-EE0A0CB22877}.Release|Any CPU.ActiveCfg = Release|Any CPU
		{AF06E361-A3F2-47BC-97D1-EE0A0CB22877}.Release|Any CPU.Build.0 = Release|Any CPU
		{0964F20A-3769-4481-930B-0A3A8197C205}.Debug|Any CPU.ActiveCfg = Debug|Any CPU
		{0964F20A-3769-4481-930B-0A3A8197C205}.Debug|Any CPU.Build.0 = Debug|Any CPU
		{0964F20A-3769-4481-930B-0A3A8197C205}.DebugMethodCallTrace|Any CPU.ActiveCfg = Debug|Any CPU
		{0964F20A-3769-4481-930B-0A3A8197C205}.DebugMethodCallTrace|Any CPU.Build.0 = Debug|Any CPU
		{0964F20A-3769-4481-930B-0A3A8197C205}.Release|Any CPU.ActiveCfg = Release|Any CPU
		{0964F20A-3769-4481-930B-0A3A8197C205}.Release|Any CPU.Build.0 = Release|Any CPU
	EndGlobalSection
	GlobalSection(SolutionProperties) = preSolution
		HideSolutionNode = FALSE
	EndGlobalSection
EndGlobal
