Microsoft Visual Studio Solution File, Format Version 9.00
# Visual Studio 2005
Project("{FAE04EC0-301F-11D3-BF4B-00C04F79EFBC}") = "Standard", "Standard\Standard.csproj", "{AA99D75F-167C-4676-88E2-2703F125AE61}"
EndProject
Project("{FAE04EC0-301F-11D3-BF4B-00C04F79EFBC}") = "Regression0.1", "Regression0.1\Regression0.1.csproj", "{F277E081-521F-43F3-B137-717C47D1BE1F}"
EndProject
Project("{FAE04EC0-301F-11D3-BF4B-00C04F79EFBC}") = "PostBuild", "PostBuild\PostBuild.csproj", "{8396EEA5-01BE-4495-A417-8576816EA039}"
	ProjectSection(ProjectDependencies) = postProject
		{1176F71E-CCCA-43F2-913B-2C086150A209} = {1176F71E-CCCA-43F2-913B-2C086150A209}
		{B5C7D536-75EE-42EE-BDFD-423B27AB366F} = {B5C7D536-75EE-42EE-BDFD-423B27AB366F}
		{AA99D75F-167C-4676-88E2-2703F125AE61} = {AA99D75F-167C-4676-88E2-2703F125AE61}
		{D7613875-FEBD-42E3-83E6-C6A82FE05FBF} = {D7613875-FEBD-42E3-83E6-C6A82FE05FBF}
		{AD08117C-D983-49BD-9A34-6AC69A3BD938} = {AD08117C-D983-49BD-9A34-6AC69A3BD938}
		{9510857C-117C-4BE6-9220-55A6B507C642} = {9510857C-117C-4BE6-9220-55A6B507C642}
		{F277E081-521F-43F3-B137-717C47D1BE1F} = {F277E081-521F-43F3-B137-717C47D1BE1F}
	EndProjectSection
EndProject
Project("{FAE04EC0-301F-11D3-BF4B-00C04F79EFBC}") = "Regression0.5", "Regression0.5\Regression0.5.csproj", "{D7613875-FEBD-42E3-83E6-C6A82FE05FBF}"
EndProject
Project("{FAE04EC0-301F-11D3-BF4B-00C04F79EFBC}") = "NativeActions", "NativeActions\NativeActions.csproj", "{B5C7D536-75EE-42EE-BDFD-423B27AB366F}"
EndProject
Project("{FAE04EC0-301F-11D3-BF4B-00C04F79EFBC}") = "NativeTypes", "NativeTypes\NativeTypes.csproj", "{9510857C-117C-4BE6-9220-55A6B507C642}"
EndProject
Project("{FAE04EC0-301F-11D3-BF4B-00C04F79EFBC}") = "Common", "Common\Common.csproj", "{1176F71E-CCCA-43F2-913B-2C086150A209}"
EndProject
Project("{FAE04EC0-301F-11D3-BF4B-00C04F79EFBC}") = "IVT2.0", "IVT2.0\IVT2.0.csproj", "{AD08117C-D983-49BD-9A34-6AC69A3BD938}"
EndProject
Project("{2150E333-8FDC-42A3-9474-1A3956D46DE8}") = "Solution Items", "Solution Items", "{97B7A51D-E541-459B-A059-9F4CDE15E48A}"
	ProjectSection(SolutionItems) = preProject
		AssemblyInfoCommon.cs = AssemblyInfoCommon.cs
		databasesetup.sql = databasesetup.sql
		TestTemplate.cs = TestTemplate.cs
	EndProjectSection
EndProject
Project("{FAE04EC0-301F-11D3-BF4B-00C04F79EFBC}") = "Application", "Application\Application.csproj", "{4F522594-D333-4C7E-8F00-7478AE98BE9C}"
EndProject
Global
	GlobalSection(SolutionConfigurationPlatforms) = preSolution
		Debug|Any CPU = Debug|Any CPU
		DebugNoMax|Any CPU = DebugNoMax|Any CPU
		Release|Any CPU = Release|Any CPU
		ReleaseNoMax|Any CPU = ReleaseNoMax|Any CPU
	EndGlobalSection
	GlobalSection(ProjectConfigurationPlatforms) = postSolution
		{AA99D75F-167C-4676-88E2-2703F125AE61}.Debug|Any CPU.ActiveCfg = Debug|Any CPU
		{AA99D75F-167C-4676-88E2-2703F125AE61}.Debug|Any CPU.Build.0 = Debug|Any CPU
		{AA99D75F-167C-4676-88E2-2703F125AE61}.DebugNoMax|Any CPU.ActiveCfg = Debug|Any CPU
		{AA99D75F-167C-4676-88E2-2703F125AE61}.DebugNoMax|Any CPU.Build.0 = Debug|Any CPU
		{AA99D75F-167C-4676-88E2-2703F125AE61}.Release|Any CPU.ActiveCfg = Release|Any CPU
		{AA99D75F-167C-4676-88E2-2703F125AE61}.Release|Any CPU.Build.0 = Release|Any CPU
		{AA99D75F-167C-4676-88E2-2703F125AE61}.ReleaseNoMax|Any CPU.ActiveCfg = Release|Any CPU
		{AA99D75F-167C-4676-88E2-2703F125AE61}.ReleaseNoMax|Any CPU.Build.0 = Release|Any CPU
		{F277E081-521F-43F3-B137-717C47D1BE1F}.Debug|Any CPU.ActiveCfg = Debug|Any CPU
		{F277E081-521F-43F3-B137-717C47D1BE1F}.Debug|Any CPU.Build.0 = Debug|Any CPU
		{F277E081-521F-43F3-B137-717C47D1BE1F}.DebugNoMax|Any CPU.ActiveCfg = Debug|Any CPU
		{F277E081-521F-43F3-B137-717C47D1BE1F}.DebugNoMax|Any CPU.Build.0 = Debug|Any CPU
		{F277E081-521F-43F3-B137-717C47D1BE1F}.Release|Any CPU.ActiveCfg = Release|Any CPU
		{F277E081-521F-43F3-B137-717C47D1BE1F}.Release|Any CPU.Build.0 = Release|Any CPU
		{F277E081-521F-43F3-B137-717C47D1BE1F}.ReleaseNoMax|Any CPU.ActiveCfg = Release|Any CPU
		{F277E081-521F-43F3-B137-717C47D1BE1F}.ReleaseNoMax|Any CPU.Build.0 = Release|Any CPU
		{8396EEA5-01BE-4495-A417-8576816EA039}.Debug|Any CPU.ActiveCfg = Debug|Any CPU
		{8396EEA5-01BE-4495-A417-8576816EA039}.DebugNoMax|Any CPU.ActiveCfg = Debug|Any CPU
		{8396EEA5-01BE-4495-A417-8576816EA039}.Release|Any CPU.ActiveCfg = Release|Any CPU
		{8396EEA5-01BE-4495-A417-8576816EA039}.ReleaseNoMax|Any CPU.ActiveCfg = Release|Any CPU
		{D7613875-FEBD-42E3-83E6-C6A82FE05FBF}.Debug|Any CPU.ActiveCfg = Debug|Any CPU
		{D7613875-FEBD-42E3-83E6-C6A82FE05FBF}.Debug|Any CPU.Build.0 = Debug|Any CPU
		{D7613875-FEBD-42E3-83E6-C6A82FE05FBF}.DebugNoMax|Any CPU.ActiveCfg = Debug|Any CPU
		{D7613875-FEBD-42E3-83E6-C6A82FE05FBF}.DebugNoMax|Any CPU.Build.0 = Debug|Any CPU
		{D7613875-FEBD-42E3-83E6-C6A82FE05FBF}.Release|Any CPU.ActiveCfg = Release|Any CPU
		{D7613875-FEBD-42E3-83E6-C6A82FE05FBF}.Release|Any CPU.Build.0 = Release|Any CPU
		{D7613875-FEBD-42E3-83E6-C6A82FE05FBF}.ReleaseNoMax|Any CPU.ActiveCfg = Release|Any CPU
		{D7613875-FEBD-42E3-83E6-C6A82FE05FBF}.ReleaseNoMax|Any CPU.Build.0 = Release|Any CPU
		{B5C7D536-75EE-42EE-BDFD-423B27AB366F}.Debug|Any CPU.ActiveCfg = Debug|Any CPU
		{B5C7D536-75EE-42EE-BDFD-423B27AB366F}.Debug|Any CPU.Build.0 = Debug|Any CPU
		{B5C7D536-75EE-42EE-BDFD-423B27AB366F}.DebugNoMax|Any CPU.ActiveCfg = Debug|Any CPU
		{B5C7D536-75EE-42EE-BDFD-423B27AB366F}.DebugNoMax|Any CPU.Build.0 = Debug|Any CPU
		{B5C7D536-75EE-42EE-BDFD-423B27AB366F}.Release|Any CPU.ActiveCfg = Release|Any CPU
		{B5C7D536-75EE-42EE-BDFD-423B27AB366F}.Release|Any CPU.Build.0 = Release|Any CPU
		{B5C7D536-75EE-42EE-BDFD-423B27AB366F}.ReleaseNoMax|Any CPU.ActiveCfg = Release|Any CPU
		{B5C7D536-75EE-42EE-BDFD-423B27AB366F}.ReleaseNoMax|Any CPU.Build.0 = Release|Any CPU
		{9510857C-117C-4BE6-9220-55A6B507C642}.Debug|Any CPU.ActiveCfg = Debug|Any CPU
		{9510857C-117C-4BE6-9220-55A6B507C642}.Debug|Any CPU.Build.0 = Debug|Any CPU
		{9510857C-117C-4BE6-9220-55A6B507C642}.DebugNoMax|Any CPU.ActiveCfg = Debug|Any CPU
		{9510857C-117C-4BE6-9220-55A6B507C642}.DebugNoMax|Any CPU.Build.0 = Debug|Any CPU
		{9510857C-117C-4BE6-9220-55A6B507C642}.Release|Any CPU.ActiveCfg = Release|Any CPU
		{9510857C-117C-4BE6-9220-55A6B507C642}.Release|Any CPU.Build.0 = Release|Any CPU
		{9510857C-117C-4BE6-9220-55A6B507C642}.ReleaseNoMax|Any CPU.ActiveCfg = Release|Any CPU
		{9510857C-117C-4BE6-9220-55A6B507C642}.ReleaseNoMax|Any CPU.Build.0 = Release|Any CPU
		{1176F71E-CCCA-43F2-913B-2C086150A209}.Debug|Any CPU.ActiveCfg = Debug|Any CPU
		{1176F71E-CCCA-43F2-913B-2C086150A209}.Debug|Any CPU.Build.0 = Debug|Any CPU
		{1176F71E-CCCA-43F2-913B-2C086150A209}.DebugNoMax|Any CPU.ActiveCfg = Debug|Any CPU
		{1176F71E-CCCA-43F2-913B-2C086150A209}.DebugNoMax|Any CPU.Build.0 = Debug|Any CPU
		{1176F71E-CCCA-43F2-913B-2C086150A209}.Release|Any CPU.ActiveCfg = Release|Any CPU
		{1176F71E-CCCA-43F2-913B-2C086150A209}.Release|Any CPU.Build.0 = Release|Any CPU
		{1176F71E-CCCA-43F2-913B-2C086150A209}.ReleaseNoMax|Any CPU.ActiveCfg = Release|Any CPU
		{1176F71E-CCCA-43F2-913B-2C086150A209}.ReleaseNoMax|Any CPU.Build.0 = Release|Any CPU
		{AD08117C-D983-49BD-9A34-6AC69A3BD938}.Debug|Any CPU.ActiveCfg = Debug|Any CPU
		{AD08117C-D983-49BD-9A34-6AC69A3BD938}.Debug|Any CPU.Build.0 = Debug|Any CPU
		{AD08117C-D983-49BD-9A34-6AC69A3BD938}.DebugNoMax|Any CPU.ActiveCfg = Debug|Any CPU
		{AD08117C-D983-49BD-9A34-6AC69A3BD938}.DebugNoMax|Any CPU.Build.0 = Debug|Any CPU
		{AD08117C-D983-49BD-9A34-6AC69A3BD938}.Release|Any CPU.ActiveCfg = Release|Any CPU
		{AD08117C-D983-49BD-9A34-6AC69A3BD938}.Release|Any CPU.Build.0 = Release|Any CPU
		{AD08117C-D983-49BD-9A34-6AC69A3BD938}.ReleaseNoMax|Any CPU.ActiveCfg = Release|Any CPU
		{AD08117C-D983-49BD-9A34-6AC69A3BD938}.ReleaseNoMax|Any CPU.Build.0 = Release|Any CPU
		{4F522594-D333-4C7E-8F00-7478AE98BE9C}.Debug|Any CPU.ActiveCfg = Debug|Any CPU
		{4F522594-D333-4C7E-8F00-7478AE98BE9C}.DebugNoMax|Any CPU.ActiveCfg = Debug|Any CPU
		{4F522594-D333-4C7E-8F00-7478AE98BE9C}.Release|Any CPU.ActiveCfg = Release|Any CPU
		{4F522594-D333-4C7E-8F00-7478AE98BE9C}.ReleaseNoMax|Any CPU.ActiveCfg = Release|Any CPU
	EndGlobalSection
	GlobalSection(SolutionProperties) = preSolution
		HideSolutionNode = FALSE
	EndGlobalSection
EndGlobal
