Microsoft Visual Studio Solution File, Format Version 8.00
Project("{F184B08F-C81C-45F6-A57F-5ABD9991F28F}") = "Viewer", "Viewer.vbproj", "{63A15523-0BFE-4043-A48A-B4D4872B9A0D}"
	ProjectSection(ProjectDependencies) = postProject
	EndProjectSection
EndProject
Global
	GlobalSection(SolutionConfiguration) = preSolution
		Debug = Debug
		Release = Release
	EndGlobalSection
	GlobalSection(ProjectConfiguration) = postSolution
		{63A15523-0BFE-4043-A48A-B4D4872B9A0D}.Debug.ActiveCfg = Debug|.NET
		{63A15523-0BFE-4043-A48A-B4D4872B9A0D}.Debug.Build.0 = Debug|.NET
		{63A15523-0BFE-4043-A48A-B4D4872B9A0D}.Release.ActiveCfg = Release|.NET
		{63A15523-0BFE-4043-A48A-B4D4872B9A0D}.Release.Build.0 = Release|.NET
	EndGlobalSection
	GlobalSection(ExtensibilityGlobals) = postSolution
	EndGlobalSection
	GlobalSection(ExtensibilityAddIns) = postSolution
	EndGlobalSection
EndGlobal
