Microsoft Visual Studio Solution File, Format Version 8.00
Project("{F184B08F-C81C-45F6-A57F-5ABD9991F28F}") = "RemotePortForwarding", "RemotePortForwarding.vbproj", "{0C393201-4483-4498-836C-3FB1E79642CA}"
	ProjectSection(ProjectDependencies) = postProject
	EndProjectSection
EndProject
Global
	GlobalSection(SolutionConfiguration) = preSolution
		Debug = Debug
		Release = Release
	EndGlobalSection
	GlobalSection(ProjectConfiguration) = postSolution
		{0C393201-4483-4498-836C-3FB1E79642CA}.Debug.ActiveCfg = Debug|.NET
		{0C393201-4483-4498-836C-3FB1E79642CA}.Debug.Build.0 = Debug|.NET
		{0C393201-4483-4498-836C-3FB1E79642CA}.Release.ActiveCfg = Release|.NET
		{0C393201-4483-4498-836C-3FB1E79642CA}.Release.Build.0 = Release|.NET
	EndGlobalSection
	GlobalSection(ExtensibilityGlobals) = postSolution
	EndGlobalSection
	GlobalSection(ExtensibilityAddIns) = postSolution
	EndGlobalSection
EndGlobal
