
Microsoft Visual Studio Solution File, Format Version 9.00
# Visual Studio 2005
Project("{FAE04EC0-301F-11D3-BF4B-00C04F79EFBC}") = "MCPTest", "MCPTest.csproj", "{94E34822-365B-40BA-98FC-E2323B1F44FB}"
EndProject
Global
	GlobalSection(SolutionConfigurationPlatforms) = preSolution
		Debug|Any CPU = Debug|Any CPU
		Release|Any CPU = Release|Any CPU
	EndGlobalSection
	GlobalSection(ProjectConfigurationPlatforms) = postSolution
		{94E34822-365B-40BA-98FC-E2323B1F44FB}.Debug|Any CPU.ActiveCfg = Debug|Any CPU
		{94E34822-365B-40BA-98FC-E2323B1F44FB}.Debug|Any CPU.Build.0 = Debug|Any CPU
		{94E34822-365B-40BA-98FC-E2323B1F44FB}.Release|Any CPU.ActiveCfg = Release|Any CPU
		{94E34822-365B-40BA-98FC-E2323B1F44FB}.Release|Any CPU.Build.0 = Release|Any CPU
	EndGlobalSection
	GlobalSection(SolutionProperties) = preSolution
		HideSolutionNode = FALSE
	EndGlobalSection
EndGlobal
