Microsoft Visual Studio Solution File, Format Version 9.00
# Visual Studio 2005
Project("{FAE04EC0-301F-11D3-BF4B-00C04F79EFBC}") = "Core", "Core\Core.csproj", "{2CD002F2-1A95-441D-BD2C-BC3EDB290E23}"
EndProject
Project("{FAE04EC0-301F-11D3-BF4B-00C04F79EFBC}") = "Interfaces", "Interfaces\Interfaces.csproj", "{402DD66C-D68E-4285-9B7C-84F1047A88F1}"
EndProject
Project("{FAE04EC0-301F-11D3-BF4B-00C04F79EFBC}") = "ProviderFramework", "ProviderFramework\ProviderFramework.csproj", "{40B2A89D-116E-48D9-8754-FD38FF00E61B}"
EndProject
Project("{FAE04EC0-301F-11D3-BF4B-00C04F79EFBC}") = "ApplicationFramework", "ApplicationFramework\ApplicationFramework.csproj", "{409ECB57-9B3B-49E2-AF71-3CD90DBA73EC}"
EndProject
Project("{FAE04EC0-301F-11D3-BF4B-00C04F79EFBC}") = "PackageGeneratorCore", "PackageGeneratorCore\PackageGeneratorCore.csproj", "{54406838-ADE9-444D-824B-1EB91BF36313}"
EndProject
Project("{FAE04EC0-301F-11D3-BF4B-00C04F79EFBC}") = "Utilities", "Utilities\Utilities.csproj", "{4B5D59A2-F37C-419B-8ED3-0A43D4572D4E}"
EndProject
Project("{FAE04EC0-301F-11D3-BF4B-00C04F79EFBC}") = "Messaging", "Messaging\Messaging.csproj", "{AB5C9326-6449-4F21-8D80-48A1665C48F2}"
EndProject
Project("{FAE04EC0-301F-11D3-BF4B-00C04F79EFBC}") = "LoggingFramework", "LoggingFramework\LoggingFramework.csproj", "{6419383C-9AF2-4DA9-940E-E1015FA54B5C}"
EndProject
Project("{FAE04EC0-301F-11D3-BF4B-00C04F79EFBC}") = "PostBuild", "PostBuild\PostBuild.csproj", "{2D861A88-063A-4E10-B414-EEB4E9D915A1}"
	ProjectSection(ProjectDependencies) = postProject
		{B39EFF0D-F616-4BB6-B785-B53393D1212B} = {B39EFF0D-F616-4BB6-B785-B53393D1212B}
		{8F5587F8-E307-46F2-8AB3-3ED93EBE2D29} = {8F5587F8-E307-46F2-8AB3-3ED93EBE2D29}
		{2CD002F2-1A95-441D-BD2C-BC3EDB290E23} = {2CD002F2-1A95-441D-BD2C-BC3EDB290E23}
		{AC5CB3EC-1AD3-40FC-BC14-6D9C84945B14} = {AC5CB3EC-1AD3-40FC-BC14-6D9C84945B14}
		{1FC4A9DB-B052-466B-9393-33D9CAA1246F} = {1FC4A9DB-B052-466B-9393-33D9CAA1246F}
		{4B5D59A2-F37C-419B-8ED3-0A43D4572D4E} = {4B5D59A2-F37C-419B-8ED3-0A43D4572D4E}
		{40B2A89D-116E-48D9-8754-FD38FF00E61B} = {40B2A89D-116E-48D9-8754-FD38FF00E61B}
		{F039CD93-ABAD-4D40-97E2-10299BA8CB04} = {F039CD93-ABAD-4D40-97E2-10299BA8CB04}
		{11D77392-684E-4DD0-842C-18D924F871B0} = {11D77392-684E-4DD0-842C-18D924F871B0}
		{1A53E775-2B1B-48ED-BBBD-8405E84F696B} = {1A53E775-2B1B-48ED-BBBD-8405E84F696B}
		{402DD66C-D68E-4285-9B7C-84F1047A88F1} = {402DD66C-D68E-4285-9B7C-84F1047A88F1}
		{C28B765B-D196-4FD9-9E2F-A870A4B2B55C} = {C28B765B-D196-4FD9-9E2F-A870A4B2B55C}
		{409ECB57-9B3B-49E2-AF71-3CD90DBA73EC} = {409ECB57-9B3B-49E2-AF71-3CD90DBA73EC}
		{19A46A54-4789-4BA5-8F64-73239B9644B1} = {19A46A54-4789-4BA5-8F64-73239B9644B1}
		{9175A345-05A5-4567-BAF7-701132C186AA} = {9175A345-05A5-4567-BAF7-701132C186AA}
		{97A8343F-7308-4A84-8DFA-51268F3AD3F4} = {97A8343F-7308-4A84-8DFA-51268F3AD3F4}
		{6419383C-9AF2-4DA9-940E-E1015FA54B5C} = {6419383C-9AF2-4DA9-940E-E1015FA54B5C}
		{54406838-ADE9-444D-824B-1EB91BF36313} = {54406838-ADE9-444D-824B-1EB91BF36313}
		{AB5C9326-6449-4F21-8D80-48A1665C48F2} = {AB5C9326-6449-4F21-8D80-48A1665C48F2}
	EndProjectSection
EndProject
Project("{FAE04EC0-301F-11D3-BF4B-00C04F79EFBC}") = "DebugFramework", "DebugFramework\DebugFramework.csproj", "{9175A345-05A5-4567-BAF7-701132C186AA}"
EndProject
Project("{FAE04EC0-301F-11D3-BF4B-00C04F79EFBC}") = "WebServicesConsumerCore", "WebServicesConsumerCore\WebServicesConsumerCore.csproj", "{97A8343F-7308-4A84-8DFA-51268F3AD3F4}"
EndProject
Project("{FAE04EC0-301F-11D3-BF4B-00C04F79EFBC}") = "AxlSoap", "AxlSoap\AxlSoap.csproj", "{C28B765B-D196-4FD9-9E2F-A870A4B2B55C}"
EndProject
Project("{FAE04EC0-301F-11D3-BF4B-00C04F79EFBC}") = "SccpStack", "SccpStack\SccpStack.csproj", "{1A53E775-2B1B-48ED-BBBD-8405E84F696B}"
EndProject
Project("{FAE04EC0-301F-11D3-BF4B-00C04F79EFBC}") = "AppArchiveCore", "AppPackageCore\AppArchiveCore.csproj", "{F039CD93-ABAD-4D40-97E2-10299BA8CB04}"
EndProject
Project("{FAE04EC0-301F-11D3-BF4B-00C04F79EFBC}") = "Configuration", "Configuration\Configuration.csproj", "{B39EFF0D-F616-4BB6-B785-B53393D1212B}"
EndProject
Project("{FAE04EC0-301F-11D3-BF4B-00C04F79EFBC}") = "LicensingFramework", "LicensingFramework\LicensingFramework.csproj", "{8F5587F8-E307-46F2-8AB3-3ED93EBE2D29}"
EndProject
Project("{FAE04EC0-301F-11D3-BF4B-00C04F79EFBC}") = "StatsClient", "StatsClient\StatsClient.csproj", "{AC5CB3EC-1AD3-40FC-BC14-6D9C84945B14}"
EndProject
Project("{FAE04EC0-301F-11D3-BF4B-00C04F79EFBC}") = "LogSinks", "LogSinks\LogSinks.csproj", "{11D77392-684E-4DD0-842C-18D924F871B0}"
EndProject
Project("{FAE04EC0-301F-11D3-BF4B-00C04F79EFBC}") = "ProviderPackagerCore", "ProviderPackagerCore\ProviderPackagerCore.csproj", "{1FC4A9DB-B052-466B-9393-33D9CAA1246F}"
EndProject
Project("{FAE04EC0-301F-11D3-BF4B-00C04F79EFBC}") = "DocGeneratorCore", "DocGeneratorCore\DocGeneratorCore.csproj", "{19A46A54-4789-4BA5-8F64-73239B9644B1}"
EndProject
Global
	GlobalSection(SolutionConfigurationPlatforms) = preSolution
		Debug|Any CPU = Debug|Any CPU
		DebugMethodCallTrace|Any CPU = DebugMethodCallTrace|Any CPU
		Release|Any CPU = Release|Any CPU
	EndGlobalSection
	GlobalSection(ProjectConfigurationPlatforms) = postSolution
		{2CD002F2-1A95-441D-BD2C-BC3EDB290E23}.Debug|Any CPU.ActiveCfg = Debug|Any CPU
		{2CD002F2-1A95-441D-BD2C-BC3EDB290E23}.Debug|Any CPU.Build.0 = Debug|Any CPU
		{2CD002F2-1A95-441D-BD2C-BC3EDB290E23}.DebugMethodCallTrace|Any CPU.ActiveCfg = DebugMethodCallTrace|Any CPU
		{2CD002F2-1A95-441D-BD2C-BC3EDB290E23}.DebugMethodCallTrace|Any CPU.Build.0 = DebugMethodCallTrace|Any CPU
		{2CD002F2-1A95-441D-BD2C-BC3EDB290E23}.Release|Any CPU.ActiveCfg = Release|Any CPU
		{2CD002F2-1A95-441D-BD2C-BC3EDB290E23}.Release|Any CPU.Build.0 = Release|Any CPU
		{402DD66C-D68E-4285-9B7C-84F1047A88F1}.Debug|Any CPU.ActiveCfg = Debug|Any CPU
		{402DD66C-D68E-4285-9B7C-84F1047A88F1}.Debug|Any CPU.Build.0 = Debug|Any CPU
		{402DD66C-D68E-4285-9B7C-84F1047A88F1}.DebugMethodCallTrace|Any CPU.ActiveCfg = DebugMethodCallTrace|Any CPU
		{402DD66C-D68E-4285-9B7C-84F1047A88F1}.DebugMethodCallTrace|Any CPU.Build.0 = DebugMethodCallTrace|Any CPU
		{402DD66C-D68E-4285-9B7C-84F1047A88F1}.Release|Any CPU.ActiveCfg = Release|Any CPU
		{402DD66C-D68E-4285-9B7C-84F1047A88F1}.Release|Any CPU.Build.0 = Release|Any CPU
		{40B2A89D-116E-48D9-8754-FD38FF00E61B}.Debug|Any CPU.ActiveCfg = Debug|Any CPU
		{40B2A89D-116E-48D9-8754-FD38FF00E61B}.Debug|Any CPU.Build.0 = Debug|Any CPU
		{40B2A89D-116E-48D9-8754-FD38FF00E61B}.DebugMethodCallTrace|Any CPU.ActiveCfg = DebugMethodCallTrace|Any CPU
		{40B2A89D-116E-48D9-8754-FD38FF00E61B}.DebugMethodCallTrace|Any CPU.Build.0 = DebugMethodCallTrace|Any CPU
		{40B2A89D-116E-48D9-8754-FD38FF00E61B}.Release|Any CPU.ActiveCfg = Release|Any CPU
		{40B2A89D-116E-48D9-8754-FD38FF00E61B}.Release|Any CPU.Build.0 = Release|Any CPU
		{409ECB57-9B3B-49E2-AF71-3CD90DBA73EC}.Debug|Any CPU.ActiveCfg = Debug|Any CPU
		{409ECB57-9B3B-49E2-AF71-3CD90DBA73EC}.Debug|Any CPU.Build.0 = Debug|Any CPU
		{409ECB57-9B3B-49E2-AF71-3CD90DBA73EC}.DebugMethodCallTrace|Any CPU.ActiveCfg = Debug|Any CPU
		{409ECB57-9B3B-49E2-AF71-3CD90DBA73EC}.DebugMethodCallTrace|Any CPU.Build.0 = Debug|Any CPU
		{409ECB57-9B3B-49E2-AF71-3CD90DBA73EC}.Release|Any CPU.ActiveCfg = Release|Any CPU
		{409ECB57-9B3B-49E2-AF71-3CD90DBA73EC}.Release|Any CPU.Build.0 = Release|Any CPU
		{54406838-ADE9-444D-824B-1EB91BF36313}.Debug|Any CPU.ActiveCfg = Debug|Any CPU
		{54406838-ADE9-444D-824B-1EB91BF36313}.Debug|Any CPU.Build.0 = Debug|Any CPU
		{54406838-ADE9-444D-824B-1EB91BF36313}.DebugMethodCallTrace|Any CPU.ActiveCfg = Debug|Any CPU
		{54406838-ADE9-444D-824B-1EB91BF36313}.DebugMethodCallTrace|Any CPU.Build.0 = Debug|Any CPU
		{54406838-ADE9-444D-824B-1EB91BF36313}.Release|Any CPU.ActiveCfg = Release|Any CPU
		{54406838-ADE9-444D-824B-1EB91BF36313}.Release|Any CPU.Build.0 = Release|Any CPU
		{4B5D59A2-F37C-419B-8ED3-0A43D4572D4E}.Debug|Any CPU.ActiveCfg = Debug|Any CPU
		{4B5D59A2-F37C-419B-8ED3-0A43D4572D4E}.Debug|Any CPU.Build.0 = Debug|Any CPU
		{4B5D59A2-F37C-419B-8ED3-0A43D4572D4E}.DebugMethodCallTrace|Any CPU.ActiveCfg = Debug|Any CPU
		{4B5D59A2-F37C-419B-8ED3-0A43D4572D4E}.DebugMethodCallTrace|Any CPU.Build.0 = Debug|Any CPU
		{4B5D59A2-F37C-419B-8ED3-0A43D4572D4E}.Release|Any CPU.ActiveCfg = Release|Any CPU
		{4B5D59A2-F37C-419B-8ED3-0A43D4572D4E}.Release|Any CPU.Build.0 = Release|Any CPU
		{AB5C9326-6449-4F21-8D80-48A1665C48F2}.Debug|Any CPU.ActiveCfg = Debug|Any CPU
		{AB5C9326-6449-4F21-8D80-48A1665C48F2}.Debug|Any CPU.Build.0 = Debug|Any CPU
		{AB5C9326-6449-4F21-8D80-48A1665C48F2}.DebugMethodCallTrace|Any CPU.ActiveCfg = Debug|Any CPU
		{AB5C9326-6449-4F21-8D80-48A1665C48F2}.DebugMethodCallTrace|Any CPU.Build.0 = Debug|Any CPU
		{AB5C9326-6449-4F21-8D80-48A1665C48F2}.Release|Any CPU.ActiveCfg = Release|Any CPU
		{AB5C9326-6449-4F21-8D80-48A1665C48F2}.Release|Any CPU.Build.0 = Release|Any CPU
		{6419383C-9AF2-4DA9-940E-E1015FA54B5C}.Debug|Any CPU.ActiveCfg = Debug|Any CPU
		{6419383C-9AF2-4DA9-940E-E1015FA54B5C}.Debug|Any CPU.Build.0 = Debug|Any CPU
		{6419383C-9AF2-4DA9-940E-E1015FA54B5C}.DebugMethodCallTrace|Any CPU.ActiveCfg = Debug|Any CPU
		{6419383C-9AF2-4DA9-940E-E1015FA54B5C}.DebugMethodCallTrace|Any CPU.Build.0 = Debug|Any CPU
		{6419383C-9AF2-4DA9-940E-E1015FA54B5C}.Release|Any CPU.ActiveCfg = Release|Any CPU
		{6419383C-9AF2-4DA9-940E-E1015FA54B5C}.Release|Any CPU.Build.0 = Release|Any CPU
		{2D861A88-063A-4E10-B414-EEB4E9D915A1}.Debug|Any CPU.ActiveCfg = Debug|Any CPU
		{2D861A88-063A-4E10-B414-EEB4E9D915A1}.Debug|Any CPU.Build.0 = Debug|Any CPU
		{2D861A88-063A-4E10-B414-EEB4E9D915A1}.DebugMethodCallTrace|Any CPU.ActiveCfg = DebugMethodCallTrace|Any CPU
		{2D861A88-063A-4E10-B414-EEB4E9D915A1}.DebugMethodCallTrace|Any CPU.Build.0 = DebugMethodCallTrace|Any CPU
		{2D861A88-063A-4E10-B414-EEB4E9D915A1}.Release|Any CPU.ActiveCfg = Release|Any CPU
		{2D861A88-063A-4E10-B414-EEB4E9D915A1}.Release|Any CPU.Build.0 = Release|Any CPU
		{9175A345-05A5-4567-BAF7-701132C186AA}.Debug|Any CPU.ActiveCfg = Debug|Any CPU
		{9175A345-05A5-4567-BAF7-701132C186AA}.Debug|Any CPU.Build.0 = Debug|Any CPU
		{9175A345-05A5-4567-BAF7-701132C186AA}.DebugMethodCallTrace|Any CPU.ActiveCfg = Debug|Any CPU
		{9175A345-05A5-4567-BAF7-701132C186AA}.DebugMethodCallTrace|Any CPU.Build.0 = Debug|Any CPU
		{9175A345-05A5-4567-BAF7-701132C186AA}.Release|Any CPU.ActiveCfg = Release|Any CPU
		{9175A345-05A5-4567-BAF7-701132C186AA}.Release|Any CPU.Build.0 = Release|Any CPU
		{97A8343F-7308-4A84-8DFA-51268F3AD3F4}.Debug|Any CPU.ActiveCfg = Debug|Any CPU
		{97A8343F-7308-4A84-8DFA-51268F3AD3F4}.Debug|Any CPU.Build.0 = Debug|Any CPU
		{97A8343F-7308-4A84-8DFA-51268F3AD3F4}.DebugMethodCallTrace|Any CPU.ActiveCfg = Debug|Any CPU
		{97A8343F-7308-4A84-8DFA-51268F3AD3F4}.DebugMethodCallTrace|Any CPU.Build.0 = Debug|Any CPU
		{97A8343F-7308-4A84-8DFA-51268F3AD3F4}.Release|Any CPU.ActiveCfg = Release|Any CPU
		{97A8343F-7308-4A84-8DFA-51268F3AD3F4}.Release|Any CPU.Build.0 = Release|Any CPU
		{C28B765B-D196-4FD9-9E2F-A870A4B2B55C}.Debug|Any CPU.ActiveCfg = Debug|Any CPU
		{C28B765B-D196-4FD9-9E2F-A870A4B2B55C}.Debug|Any CPU.Build.0 = Debug|Any CPU
		{C28B765B-D196-4FD9-9E2F-A870A4B2B55C}.DebugMethodCallTrace|Any CPU.ActiveCfg = Debug|Any CPU
		{C28B765B-D196-4FD9-9E2F-A870A4B2B55C}.DebugMethodCallTrace|Any CPU.Build.0 = Debug|Any CPU
		{C28B765B-D196-4FD9-9E2F-A870A4B2B55C}.Release|Any CPU.ActiveCfg = Release|Any CPU
		{C28B765B-D196-4FD9-9E2F-A870A4B2B55C}.Release|Any CPU.Build.0 = Release|Any CPU
		{1A53E775-2B1B-48ED-BBBD-8405E84F696B}.Debug|Any CPU.ActiveCfg = Debug|Any CPU
		{1A53E775-2B1B-48ED-BBBD-8405E84F696B}.Debug|Any CPU.Build.0 = Debug|Any CPU
		{1A53E775-2B1B-48ED-BBBD-8405E84F696B}.DebugMethodCallTrace|Any CPU.ActiveCfg = Debug|Any CPU
		{1A53E775-2B1B-48ED-BBBD-8405E84F696B}.DebugMethodCallTrace|Any CPU.Build.0 = Debug|Any CPU
		{1A53E775-2B1B-48ED-BBBD-8405E84F696B}.Release|Any CPU.ActiveCfg = Release|Any CPU
		{1A53E775-2B1B-48ED-BBBD-8405E84F696B}.Release|Any CPU.Build.0 = Release|Any CPU
		{F039CD93-ABAD-4D40-97E2-10299BA8CB04}.Debug|Any CPU.ActiveCfg = Debug|Any CPU
		{F039CD93-ABAD-4D40-97E2-10299BA8CB04}.Debug|Any CPU.Build.0 = Debug|Any CPU
		{F039CD93-ABAD-4D40-97E2-10299BA8CB04}.DebugMethodCallTrace|Any CPU.ActiveCfg = DebugMethodCallTrace|Any CPU
		{F039CD93-ABAD-4D40-97E2-10299BA8CB04}.DebugMethodCallTrace|Any CPU.Build.0 = DebugMethodCallTrace|Any CPU
		{F039CD93-ABAD-4D40-97E2-10299BA8CB04}.Release|Any CPU.ActiveCfg = Release|Any CPU
		{F039CD93-ABAD-4D40-97E2-10299BA8CB04}.Release|Any CPU.Build.0 = Release|Any CPU
		{B39EFF0D-F616-4BB6-B785-B53393D1212B}.Debug|Any CPU.ActiveCfg = Debug|Any CPU
		{B39EFF0D-F616-4BB6-B785-B53393D1212B}.Debug|Any CPU.Build.0 = Debug|Any CPU
		{B39EFF0D-F616-4BB6-B785-B53393D1212B}.DebugMethodCallTrace|Any CPU.ActiveCfg = Debug|Any CPU
		{B39EFF0D-F616-4BB6-B785-B53393D1212B}.DebugMethodCallTrace|Any CPU.Build.0 = Debug|Any CPU
		{B39EFF0D-F616-4BB6-B785-B53393D1212B}.Release|Any CPU.ActiveCfg = Release|Any CPU
		{B39EFF0D-F616-4BB6-B785-B53393D1212B}.Release|Any CPU.Build.0 = Release|Any CPU
		{8F5587F8-E307-46F2-8AB3-3ED93EBE2D29}.Debug|Any CPU.ActiveCfg = Debug|Any CPU
		{8F5587F8-E307-46F2-8AB3-3ED93EBE2D29}.Debug|Any CPU.Build.0 = Debug|Any CPU
		{8F5587F8-E307-46F2-8AB3-3ED93EBE2D29}.DebugMethodCallTrace|Any CPU.ActiveCfg = Debug|Any CPU
		{8F5587F8-E307-46F2-8AB3-3ED93EBE2D29}.DebugMethodCallTrace|Any CPU.Build.0 = Debug|Any CPU
		{8F5587F8-E307-46F2-8AB3-3ED93EBE2D29}.Release|Any CPU.ActiveCfg = Release|Any CPU
		{8F5587F8-E307-46F2-8AB3-3ED93EBE2D29}.Release|Any CPU.Build.0 = Release|Any CPU
		{AC5CB3EC-1AD3-40FC-BC14-6D9C84945B14}.Debug|Any CPU.ActiveCfg = Debug|Any CPU
		{AC5CB3EC-1AD3-40FC-BC14-6D9C84945B14}.Debug|Any CPU.Build.0 = Debug|Any CPU
		{AC5CB3EC-1AD3-40FC-BC14-6D9C84945B14}.DebugMethodCallTrace|Any CPU.ActiveCfg = Debug|Any CPU
		{AC5CB3EC-1AD3-40FC-BC14-6D9C84945B14}.DebugMethodCallTrace|Any CPU.Build.0 = Debug|Any CPU
		{AC5CB3EC-1AD3-40FC-BC14-6D9C84945B14}.Release|Any CPU.ActiveCfg = Release|Any CPU
		{AC5CB3EC-1AD3-40FC-BC14-6D9C84945B14}.Release|Any CPU.Build.0 = Release|Any CPU
		{11D77392-684E-4DD0-842C-18D924F871B0}.Debug|Any CPU.ActiveCfg = Debug|Any CPU
		{11D77392-684E-4DD0-842C-18D924F871B0}.Debug|Any CPU.Build.0 = Debug|Any CPU
		{11D77392-684E-4DD0-842C-18D924F871B0}.DebugMethodCallTrace|Any CPU.ActiveCfg = Debug|Any CPU
		{11D77392-684E-4DD0-842C-18D924F871B0}.DebugMethodCallTrace|Any CPU.Build.0 = Debug|Any CPU
		{11D77392-684E-4DD0-842C-18D924F871B0}.Release|Any CPU.ActiveCfg = Release|Any CPU
		{11D77392-684E-4DD0-842C-18D924F871B0}.Release|Any CPU.Build.0 = Release|Any CPU
		{1FC4A9DB-B052-466B-9393-33D9CAA1246F}.Debug|Any CPU.ActiveCfg = Debug|Any CPU
		{1FC4A9DB-B052-466B-9393-33D9CAA1246F}.Debug|Any CPU.Build.0 = Debug|Any CPU
		{1FC4A9DB-B052-466B-9393-33D9CAA1246F}.DebugMethodCallTrace|Any CPU.ActiveCfg = Debug|Any CPU
		{1FC4A9DB-B052-466B-9393-33D9CAA1246F}.DebugMethodCallTrace|Any CPU.Build.0 = Debug|Any CPU
		{1FC4A9DB-B052-466B-9393-33D9CAA1246F}.Release|Any CPU.ActiveCfg = Release|Any CPU
		{1FC4A9DB-B052-466B-9393-33D9CAA1246F}.Release|Any CPU.Build.0 = Release|Any CPU
		{19A46A54-4789-4BA5-8F64-73239B9644B1}.Debug|Any CPU.ActiveCfg = Debug|Any CPU
		{19A46A54-4789-4BA5-8F64-73239B9644B1}.Debug|Any CPU.Build.0 = Debug|Any CPU
		{19A46A54-4789-4BA5-8F64-73239B9644B1}.DebugMethodCallTrace|Any CPU.ActiveCfg = Debug|Any CPU
		{19A46A54-4789-4BA5-8F64-73239B9644B1}.DebugMethodCallTrace|Any CPU.Build.0 = Debug|Any CPU
		{19A46A54-4789-4BA5-8F64-73239B9644B1}.Release|Any CPU.ActiveCfg = Release|Any CPU
		{19A46A54-4789-4BA5-8F64-73239B9644B1}.Release|Any CPU.Build.0 = Release|Any CPU
	EndGlobalSection
	GlobalSection(SolutionProperties) = preSolution
		HideSolutionNode = FALSE
	EndGlobalSection
EndGlobal
