
Microsoft Visual Studio Solution File, Format Version 9.00
# Visual Studio 2005
Project("{FAE04EC0-301F-11D3-BF4B-00C04F79EFBC}") = "AppDeployTool", "AppDeployTool\AppDeployTool.csproj", "{9825BF0A-4034-4B98-A67E-0C6E523FF113}"
EndProject
Project("{FAE04EC0-301F-11D3-BF4B-00C04F79EFBC}") = "AppArchiver", "AppArchiver\AppArchiver.csproj", "{4E128066-18F2-4AF7-A5A7-B385A5C61ED4}"
EndProject
Project("{FAE04EC0-301F-11D3-BF4B-00C04F79EFBC}") = "CypherUtil", "CypherUtil\CypherUtil.csproj", "{C7B575FC-7AAC-4725-8064-088F2E3BAF92}"
EndProject
Project("{FAE04EC0-301F-11D3-BF4B-00C04F79EFBC}") = "DebugConsole", "DebugConsole\DebugConsole.csproj", "{5DDD0099-EA3B-47CF-BA06-B58C2EAB8720}"
EndProject
Project("{FAE04EC0-301F-11D3-BF4B-00C04F79EFBC}") = "InstallProvider", "InstallProvider\InstallProvider.csproj", "{4AE16AC2-6F6D-4A5C-9E88-294719245E21}"
EndProject
Project("{FAE04EC0-301F-11D3-BF4B-00C04F79EFBC}") = "PackageGenerator", "PackageGenerator\PackageGenerator.csproj", "{6AD8D776-A11F-47CD-8057-6092876C6749}"
EndProject
Project("{FAE04EC0-301F-11D3-BF4B-00C04F79EFBC}") = "RemoteConsoleViewer", "RemoteConsoleViewer\RemoteConsoleViewer.csproj", "{C89AC19D-5A7D-42AE-9325-C809E7EA6080}"
EndProject
Project("{FAE04EC0-301F-11D3-BF4B-00C04F79EFBC}") = "SftpConsoleClient", "SftpConsoleClient\SftpConsoleClient.csproj", "{FF227FFE-1376-4541-9B1F-0F05E3077CF2}"
EndProject
Project("{FAE04EC0-301F-11D3-BF4B-00C04F79EFBC}") = "WebServicesConsumer", "WebServicesConsumer\WebServicesConsumer.csproj", "{ABAB8AE6-63D6-4456-A282-752F5F640F4B}"
EndProject
Project("{FAE04EC0-301F-11D3-BF4B-00C04F79EFBC}") = "PostBuild", "PostBuild\PostBuild.csproj", "{2D861A88-063A-4E10-B414-EEB4E9D915A1}"
	ProjectSection(ProjectDependencies) = postProject
		{575DE428-5AE9-4CFA-84E1-F120F0A81CD4} = {575DE428-5AE9-4CFA-84E1-F120F0A81CD4}
		{7691CF2D-0C43-4220-9BF1-FF00A2305ED8} = {7691CF2D-0C43-4220-9BF1-FF00A2305ED8}
		{FF227FFE-1376-4541-9B1F-0F05E3077CF2} = {FF227FFE-1376-4541-9B1F-0F05E3077CF2}
		{C7B575FC-7AAC-4725-8064-088F2E3BAF92} = {C7B575FC-7AAC-4725-8064-088F2E3BAF92}
		{ABAB8AE6-63D6-4456-A282-752F5F640F4B} = {ABAB8AE6-63D6-4456-A282-752F5F640F4B}
		{4AE16AC2-6F6D-4A5C-9E88-294719245E21} = {4AE16AC2-6F6D-4A5C-9E88-294719245E21}
		{C89AC19D-5A7D-42AE-9325-C809E7EA6080} = {C89AC19D-5A7D-42AE-9325-C809E7EA6080}
		{5DDD0099-EA3B-47CF-BA06-B58C2EAB8720} = {5DDD0099-EA3B-47CF-BA06-B58C2EAB8720}
		{6AD8D776-A11F-47CD-8057-6092876C6749} = {6AD8D776-A11F-47CD-8057-6092876C6749}
		{4E128066-18F2-4AF7-A5A7-B385A5C61ED4} = {4E128066-18F2-4AF7-A5A7-B385A5C61ED4}
		{8A713F20-FFD1-4E9C-A2B6-B7BD74B10A93} = {8A713F20-FFD1-4E9C-A2B6-B7BD74B10A93}
		{784F3087-9BB3-4F4E-9BBE-075EE2F3E4A0} = {784F3087-9BB3-4F4E-9BBE-075EE2F3E4A0}
		{9825BF0A-4034-4B98-A67E-0C6E523FF113} = {9825BF0A-4034-4B98-A67E-0C6E523FF113}
	EndProjectSection
EndProject
Project("{FAE04EC0-301F-11D3-BF4B-00C04F79EFBC}") = "UnitTest", "X:\cmd-utilities\UnitTest\UnitTest.csproj", "{0964F20A-3769-4481-930B-0A3A8197C205}"
	ProjectSection(ProjectDependencies) = postProject
		{2D861A88-063A-4E10-B414-EEB4E9D915A1} = {2D861A88-063A-4E10-B414-EEB4E9D915A1}
	EndProjectSection
EndProject
Project("{FAE04EC0-301F-11D3-BF4B-00C04F79EFBC}") = "MibGenerator", "MibGenerator\MibGenerator.csproj", "{8A713F20-FFD1-4E9C-A2B6-B7BD74B10A93}"
EndProject
Project("{FAE04EC0-301F-11D3-BF4B-00C04F79EFBC}") = "ProviderPackager", "ProviderPackager\ProviderPackager.csproj", "{7691CF2D-0C43-4220-9BF1-FF00A2305ED8}"
EndProject
Project("{FAE04EC0-301F-11D3-BF4B-00C04F79EFBC}") = "DocGenConsole", "DocGenerator\DocGenConsole.csproj", "{784F3087-9BB3-4F4E-9BBE-075EE2F3E4A0}"
EndProject
Project("{FAE04EC0-301F-11D3-BF4B-00C04F79EFBC}") = "LicenseValidator", "LicenseValidator\LicenseValidator.csproj", "{575DE428-5AE9-4CFA-84E1-F120F0A81CD4}"
EndProject
Global
	GlobalSection(SolutionConfigurationPlatforms) = preSolution
		Debug|Any CPU = Debug|Any CPU
		DebugMethodCallTrace|Any CPU = DebugMethodCallTrace|Any CPU
		Release|Any CPU = Release|Any CPU
	EndGlobalSection
	GlobalSection(ProjectConfigurationPlatforms) = postSolution
		{9825BF0A-4034-4B98-A67E-0C6E523FF113}.Debug|Any CPU.ActiveCfg = Debug|Any CPU
		{9825BF0A-4034-4B98-A67E-0C6E523FF113}.Debug|Any CPU.Build.0 = Debug|Any CPU
		{9825BF0A-4034-4B98-A67E-0C6E523FF113}.DebugMethodCallTrace|Any CPU.ActiveCfg = Debug|Any CPU
		{9825BF0A-4034-4B98-A67E-0C6E523FF113}.DebugMethodCallTrace|Any CPU.Build.0 = Debug|Any CPU
		{9825BF0A-4034-4B98-A67E-0C6E523FF113}.Release|Any CPU.ActiveCfg = Release|Any CPU
		{9825BF0A-4034-4B98-A67E-0C6E523FF113}.Release|Any CPU.Build.0 = Release|Any CPU
		{4E128066-18F2-4AF7-A5A7-B385A5C61ED4}.Debug|Any CPU.ActiveCfg = Debug|Any CPU
		{4E128066-18F2-4AF7-A5A7-B385A5C61ED4}.Debug|Any CPU.Build.0 = Debug|Any CPU
		{4E128066-18F2-4AF7-A5A7-B385A5C61ED4}.DebugMethodCallTrace|Any CPU.ActiveCfg = DebugMethodCallTrace|Any CPU
		{4E128066-18F2-4AF7-A5A7-B385A5C61ED4}.DebugMethodCallTrace|Any CPU.Build.0 = DebugMethodCallTrace|Any CPU
		{4E128066-18F2-4AF7-A5A7-B385A5C61ED4}.Release|Any CPU.ActiveCfg = Release|Any CPU
		{4E128066-18F2-4AF7-A5A7-B385A5C61ED4}.Release|Any CPU.Build.0 = Release|Any CPU
		{C7B575FC-7AAC-4725-8064-088F2E3BAF92}.Debug|Any CPU.ActiveCfg = Debug|Any CPU
		{C7B575FC-7AAC-4725-8064-088F2E3BAF92}.Debug|Any CPU.Build.0 = Debug|Any CPU
		{C7B575FC-7AAC-4725-8064-088F2E3BAF92}.DebugMethodCallTrace|Any CPU.ActiveCfg = Debug|Any CPU
		{C7B575FC-7AAC-4725-8064-088F2E3BAF92}.DebugMethodCallTrace|Any CPU.Build.0 = Debug|Any CPU
		{C7B575FC-7AAC-4725-8064-088F2E3BAF92}.Release|Any CPU.ActiveCfg = Release|Any CPU
		{C7B575FC-7AAC-4725-8064-088F2E3BAF92}.Release|Any CPU.Build.0 = Release|Any CPU
		{5DDD0099-EA3B-47CF-BA06-B58C2EAB8720}.Debug|Any CPU.ActiveCfg = Debug|Any CPU
		{5DDD0099-EA3B-47CF-BA06-B58C2EAB8720}.Debug|Any CPU.Build.0 = Debug|Any CPU
		{5DDD0099-EA3B-47CF-BA06-B58C2EAB8720}.DebugMethodCallTrace|Any CPU.ActiveCfg = Debug|Any CPU
		{5DDD0099-EA3B-47CF-BA06-B58C2EAB8720}.DebugMethodCallTrace|Any CPU.Build.0 = Debug|Any CPU
		{5DDD0099-EA3B-47CF-BA06-B58C2EAB8720}.Release|Any CPU.ActiveCfg = Release|Any CPU
		{5DDD0099-EA3B-47CF-BA06-B58C2EAB8720}.Release|Any CPU.Build.0 = Release|Any CPU
		{4AE16AC2-6F6D-4A5C-9E88-294719245E21}.Debug|Any CPU.ActiveCfg = Debug|Any CPU
		{4AE16AC2-6F6D-4A5C-9E88-294719245E21}.Debug|Any CPU.Build.0 = Debug|Any CPU
		{4AE16AC2-6F6D-4A5C-9E88-294719245E21}.DebugMethodCallTrace|Any CPU.ActiveCfg = Debug|Any CPU
		{4AE16AC2-6F6D-4A5C-9E88-294719245E21}.DebugMethodCallTrace|Any CPU.Build.0 = Debug|Any CPU
		{4AE16AC2-6F6D-4A5C-9E88-294719245E21}.Release|Any CPU.ActiveCfg = Release|Any CPU
		{4AE16AC2-6F6D-4A5C-9E88-294719245E21}.Release|Any CPU.Build.0 = Release|Any CPU
		{6AD8D776-A11F-47CD-8057-6092876C6749}.Debug|Any CPU.ActiveCfg = Debug|Any CPU
		{6AD8D776-A11F-47CD-8057-6092876C6749}.Debug|Any CPU.Build.0 = Debug|Any CPU
		{6AD8D776-A11F-47CD-8057-6092876C6749}.DebugMethodCallTrace|Any CPU.ActiveCfg = DebugMethodCallTrace|Any CPU
		{6AD8D776-A11F-47CD-8057-6092876C6749}.DebugMethodCallTrace|Any CPU.Build.0 = DebugMethodCallTrace|Any CPU
		{6AD8D776-A11F-47CD-8057-6092876C6749}.Release|Any CPU.ActiveCfg = Release|Any CPU
		{6AD8D776-A11F-47CD-8057-6092876C6749}.Release|Any CPU.Build.0 = Release|Any CPU
		{C89AC19D-5A7D-42AE-9325-C809E7EA6080}.Debug|Any CPU.ActiveCfg = Debug|Any CPU
		{C89AC19D-5A7D-42AE-9325-C809E7EA6080}.Debug|Any CPU.Build.0 = Debug|Any CPU
		{C89AC19D-5A7D-42AE-9325-C809E7EA6080}.DebugMethodCallTrace|Any CPU.ActiveCfg = Debug|Any CPU
		{C89AC19D-5A7D-42AE-9325-C809E7EA6080}.DebugMethodCallTrace|Any CPU.Build.0 = Debug|Any CPU
		{C89AC19D-5A7D-42AE-9325-C809E7EA6080}.Release|Any CPU.ActiveCfg = Release|Any CPU
		{C89AC19D-5A7D-42AE-9325-C809E7EA6080}.Release|Any CPU.Build.0 = Release|Any CPU
		{FF227FFE-1376-4541-9B1F-0F05E3077CF2}.Debug|Any CPU.ActiveCfg = Debug|Any CPU
		{FF227FFE-1376-4541-9B1F-0F05E3077CF2}.Debug|Any CPU.Build.0 = Debug|Any CPU
		{FF227FFE-1376-4541-9B1F-0F05E3077CF2}.DebugMethodCallTrace|Any CPU.ActiveCfg = Debug|Any CPU
		{FF227FFE-1376-4541-9B1F-0F05E3077CF2}.DebugMethodCallTrace|Any CPU.Build.0 = Debug|Any CPU
		{FF227FFE-1376-4541-9B1F-0F05E3077CF2}.Release|Any CPU.ActiveCfg = Release|Any CPU
		{FF227FFE-1376-4541-9B1F-0F05E3077CF2}.Release|Any CPU.Build.0 = Release|Any CPU
		{ABAB8AE6-63D6-4456-A282-752F5F640F4B}.Debug|Any CPU.ActiveCfg = Debug|Any CPU
		{ABAB8AE6-63D6-4456-A282-752F5F640F4B}.Debug|Any CPU.Build.0 = Debug|Any CPU
		{ABAB8AE6-63D6-4456-A282-752F5F640F4B}.DebugMethodCallTrace|Any CPU.ActiveCfg = Debug|Any CPU
		{ABAB8AE6-63D6-4456-A282-752F5F640F4B}.DebugMethodCallTrace|Any CPU.Build.0 = Debug|Any CPU
		{ABAB8AE6-63D6-4456-A282-752F5F640F4B}.Release|Any CPU.ActiveCfg = Release|Any CPU
		{ABAB8AE6-63D6-4456-A282-752F5F640F4B}.Release|Any CPU.Build.0 = Release|Any CPU
		{2D861A88-063A-4E10-B414-EEB4E9D915A1}.Debug|Any CPU.ActiveCfg = Debug|Any CPU
		{2D861A88-063A-4E10-B414-EEB4E9D915A1}.Debug|Any CPU.Build.0 = Debug|Any CPU
		{2D861A88-063A-4E10-B414-EEB4E9D915A1}.DebugMethodCallTrace|Any CPU.ActiveCfg = DebugMethodCallTrace|Any CPU
		{2D861A88-063A-4E10-B414-EEB4E9D915A1}.DebugMethodCallTrace|Any CPU.Build.0 = DebugMethodCallTrace|Any CPU
		{2D861A88-063A-4E10-B414-EEB4E9D915A1}.Release|Any CPU.ActiveCfg = Release|Any CPU
		{2D861A88-063A-4E10-B414-EEB4E9D915A1}.Release|Any CPU.Build.0 = Release|Any CPU
		{0964F20A-3769-4481-930B-0A3A8197C205}.Debug|Any CPU.ActiveCfg = Debug|Any CPU
		{0964F20A-3769-4481-930B-0A3A8197C205}.Debug|Any CPU.Build.0 = Debug|Any CPU
		{0964F20A-3769-4481-930B-0A3A8197C205}.DebugMethodCallTrace|Any CPU.ActiveCfg = Debug|Any CPU
		{0964F20A-3769-4481-930B-0A3A8197C205}.DebugMethodCallTrace|Any CPU.Build.0 = Debug|Any CPU
		{0964F20A-3769-4481-930B-0A3A8197C205}.Release|Any CPU.ActiveCfg = Release|Any CPU
		{0964F20A-3769-4481-930B-0A3A8197C205}.Release|Any CPU.Build.0 = Release|Any CPU
		{8A713F20-FFD1-4E9C-A2B6-B7BD74B10A93}.Debug|Any CPU.ActiveCfg = Debug|Any CPU
		{8A713F20-FFD1-4E9C-A2B6-B7BD74B10A93}.Debug|Any CPU.Build.0 = Debug|Any CPU
		{8A713F20-FFD1-4E9C-A2B6-B7BD74B10A93}.DebugMethodCallTrace|Any CPU.ActiveCfg = Debug|Any CPU
		{8A713F20-FFD1-4E9C-A2B6-B7BD74B10A93}.DebugMethodCallTrace|Any CPU.Build.0 = Debug|Any CPU
		{8A713F20-FFD1-4E9C-A2B6-B7BD74B10A93}.Release|Any CPU.ActiveCfg = Release|Any CPU
		{8A713F20-FFD1-4E9C-A2B6-B7BD74B10A93}.Release|Any CPU.Build.0 = Release|Any CPU
		{7691CF2D-0C43-4220-9BF1-FF00A2305ED8}.Debug|Any CPU.ActiveCfg = Debug|Any CPU
		{7691CF2D-0C43-4220-9BF1-FF00A2305ED8}.Debug|Any CPU.Build.0 = Debug|Any CPU
		{7691CF2D-0C43-4220-9BF1-FF00A2305ED8}.DebugMethodCallTrace|Any CPU.ActiveCfg = Debug|Any CPU
		{7691CF2D-0C43-4220-9BF1-FF00A2305ED8}.DebugMethodCallTrace|Any CPU.Build.0 = Debug|Any CPU
		{7691CF2D-0C43-4220-9BF1-FF00A2305ED8}.Release|Any CPU.ActiveCfg = Release|Any CPU
		{7691CF2D-0C43-4220-9BF1-FF00A2305ED8}.Release|Any CPU.Build.0 = Release|Any CPU
		{784F3087-9BB3-4F4E-9BBE-075EE2F3E4A0}.Debug|Any CPU.ActiveCfg = Debug|Any CPU
		{784F3087-9BB3-4F4E-9BBE-075EE2F3E4A0}.Debug|Any CPU.Build.0 = Debug|Any CPU
		{784F3087-9BB3-4F4E-9BBE-075EE2F3E4A0}.DebugMethodCallTrace|Any CPU.ActiveCfg = Debug|Any CPU
		{784F3087-9BB3-4F4E-9BBE-075EE2F3E4A0}.DebugMethodCallTrace|Any CPU.Build.0 = Debug|Any CPU
		{784F3087-9BB3-4F4E-9BBE-075EE2F3E4A0}.Release|Any CPU.ActiveCfg = Release|Any CPU
		{784F3087-9BB3-4F4E-9BBE-075EE2F3E4A0}.Release|Any CPU.Build.0 = Release|Any CPU
		{575DE428-5AE9-4CFA-84E1-F120F0A81CD4}.Debug|Any CPU.ActiveCfg = Debug|Any CPU
		{575DE428-5AE9-4CFA-84E1-F120F0A81CD4}.Debug|Any CPU.Build.0 = Debug|Any CPU
		{575DE428-5AE9-4CFA-84E1-F120F0A81CD4}.DebugMethodCallTrace|Any CPU.ActiveCfg = Debug|Any CPU
		{575DE428-5AE9-4CFA-84E1-F120F0A81CD4}.DebugMethodCallTrace|Any CPU.Build.0 = Debug|Any CPU
		{575DE428-5AE9-4CFA-84E1-F120F0A81CD4}.Release|Any CPU.ActiveCfg = Release|Any CPU
		{575DE428-5AE9-4CFA-84E1-F120F0A81CD4}.Release|Any CPU.Build.0 = Release|Any CPU
	EndGlobalSection
	GlobalSection(SolutionProperties) = preSolution
		HideSolutionNode = FALSE
	EndGlobalSection
EndGlobal
