Microsoft Visual Studio Solution File, Format Version 10.00
# Visual Studio 2008
Project("{2150E333-8FDC-42A3-9474-1A3956D46DE8}") = "Solution Items", "Solution Items", "{5326B072-9BD1-42D5-9D2F-555454559013}"
	ProjectSection(SolutionItems) = preProject
		GeneratePackages.bat = GeneratePackages.bat
	EndProjectSection
EndProject
Project("{FAE04EC0-301F-11D3-BF4B-00C04F79EFBC}") = "NativeActions.CiscoDeviceList", "NativeActions\CiscoDeviceList\NativeActions.CiscoDeviceList.csproj", "{23D148BA-F93B-450C-9997-6CF4485ABC71}"
EndProject
Project("{FAE04EC0-301F-11D3-BF4B-00C04F79EFBC}") = "NativeActions.CiscoIpPhone", "NativeActions\CiscoIpPhone\NativeActions.CiscoIpPhone.csproj", "{543F304D-CC6A-4D56-8488-0C5117B01283}"
EndProject
Project("{FAE04EC0-301F-11D3-BF4B-00C04F79EFBC}") = "NativeActions.Conditional", "NativeActions\Conditional\NativeActions.Conditional.csproj", "{515FD21D-3918-4C20-82D2-DAF2E50F3077}"
EndProject
Project("{FAE04EC0-301F-11D3-BF4B-00C04F79EFBC}") = "NativeActions.DialPlan", "NativeActions\DialPlan\NativeActions.DialPlan.csproj", "{320F1C62-A854-4226-B45D-10C351A92362}"
EndProject
Project("{FAE04EC0-301F-11D3-BF4B-00C04F79EFBC}") = "NativeActions.Log", "NativeActions\Log\NativeActions.Log.csproj", "{F76ED9BF-3676-4914-951E-CD928C3F2F99}"
EndProject
Project("{FAE04EC0-301F-11D3-BF4B-00C04F79EFBC}") = "NativeActions.Mail", "NativeActions\Mail\NativeActions.Mail.csproj", "{AE0F008C-57BA-4FC4-A29A-B3B7575442D9}"
EndProject
Project("{FAE04EC0-301F-11D3-BF4B-00C04F79EFBC}") = "NativeTypes.CiscoIpPhone", "NativeTypes\CiscoIPPhoneXml\NativeTypes.CiscoIpPhone.csproj", "{C53A37E2-7838-4B86-AAE3-C30B24D766FC}"
EndProject
Project("{FAE04EC0-301F-11D3-BF4B-00C04F79EFBC}") = "NativeTypes.Standard", "NativeTypes\Standard\NativeTypes.Standard.csproj", "{FA33AECA-0985-43A7-AD1F-3B17903418CA}"
EndProject
Project("{FAE04EC0-301F-11D3-BF4B-00C04F79EFBC}") = "Providers.CiscoDeviceListX", "Providers\Cisco.DeviceListX\Providers.CiscoDeviceListX.csproj", "{AC0E03AD-9F36-4980-AF0B-5066C8C30A70}"
EndProject
Project("{FAE04EC0-301F-11D3-BF4B-00C04F79EFBC}") = "Providers.Http", "Providers\Http\Providers.Http.csproj", "{E4B41C23-32EA-4D46-81D8-576E84EB4A76}"
EndProject
Project("{FAE04EC0-301F-11D3-BF4B-00C04F79EFBC}") = "Providers.TimerFacility", "Providers\TimerFacility\Providers.TimerFacility.csproj", "{ADA7B67C-7F9F-4171-9135-0E5F6D36C841}"
EndProject
Project("{FAE04EC0-301F-11D3-BF4B-00C04F79EFBC}") = "PostBuild", "PostBuild\PostBuild.csproj", "{507DD773-A808-4E14-B95F-0E1956C5EEFA}"
	ProjectSection(ProjectDependencies) = postProject
		{515FD21D-3918-4C20-82D2-DAF2E50F3077} = {515FD21D-3918-4C20-82D2-DAF2E50F3077}
		{E4B41C23-32EA-4D46-81D8-576E84EB4A76} = {E4B41C23-32EA-4D46-81D8-576E84EB4A76}
		{3E21BE99-CB92-48B8-83F5-4E1DE0F36B45} = {3E21BE99-CB92-48B8-83F5-4E1DE0F36B45}
		{6EAF684B-9AFD-4997-9639-9864AF5F7A48} = {6EAF684B-9AFD-4997-9639-9864AF5F7A48}
		{13A96B28-12A8-48AF-B398-80518128F168} = {13A96B28-12A8-48AF-B398-80518128F168}
		{6AC2ED29-BB39-4425-AE5B-46A9AACE487B} = {6AC2ED29-BB39-4425-AE5B-46A9AACE487B}
		{A68BC133-A27B-456F-AE9F-895A69050FF7} = {A68BC133-A27B-456F-AE9F-895A69050FF7}
		{50D7DA3B-209C-4E3E-8C85-6F22FD8E72CE} = {50D7DA3B-209C-4E3E-8C85-6F22FD8E72CE}
		{50D7DA3B-209C-4E3E-8C85-6F22FD8E72CF} = {50D7DA3B-209C-4E3E-8C85-6F22FD8E72CF}
		{D2330848-3B17-4B65-BD1C-4B24233BF709} = {D2330848-3B17-4B65-BD1C-4B24233BF709}
		{543F304D-CC6A-4D56-8488-0C5117B01283} = {543F304D-CC6A-4D56-8488-0C5117B01283}
		{6136EB51-D3E0-4FA2-BC4D-851E3557C6D7} = {6136EB51-D3E0-4FA2-BC4D-851E3557C6D7}
		{B3D33D52-0C03-4844-B246-B73D2B7903C4} = {B3D33D52-0C03-4844-B246-B73D2B7903C4}
		{CEFB5757-CF69-4860-94A6-E2A1161D1892} = {CEFB5757-CF69-4860-94A6-E2A1161D1892}
		{320F1C62-A854-4226-B45D-10C351A92362} = {320F1C62-A854-4226-B45D-10C351A92362}
		{AE5C4E67-DE17-4374-9402-74FB759B32C0} = {AE5C4E67-DE17-4374-9402-74FB759B32C0}
		{5E9D8874-FF73-4515-840D-AF0380943F58} = {5E9D8874-FF73-4515-840D-AF0380943F58}
		{D36B2B7C-159C-4221-A77D-F298FA00BC04} = {D36B2B7C-159C-4221-A77D-F298FA00BC04}
		{6E0AB37C-425B-4BF2-BF26-3040560C8447} = {6E0AB37C-425B-4BF2-BF26-3040560C8447}
		{ADA7B67C-7F9F-4171-9135-0E5F6D36C841} = {ADA7B67C-7F9F-4171-9135-0E5F6D36C841}
		{04FDA382-9C92-421A-82FC-BBDCCABCB22E} = {04FDA382-9C92-421A-82FC-BBDCCABCB22E}
		{70B5448B-B1B5-44FB-93D4-BE1A8F360213} = {70B5448B-B1B5-44FB-93D4-BE1A8F360213}
		{AE0F008C-57BA-4FC4-A29A-B3B7575442D9} = {AE0F008C-57BA-4FC4-A29A-B3B7575442D9}
		{51F2D4A3-93A6-4031-8740-19778434E25A} = {51F2D4A3-93A6-4031-8740-19778434E25A}
		{AC0E03AD-9F36-4980-AF0B-5066C8C30A70} = {AC0E03AD-9F36-4980-AF0B-5066C8C30A70}
		{23D148BA-F93B-450C-9997-6CF4485ABC71} = {23D148BA-F93B-450C-9997-6CF4485ABC71}
		{F76ED9BF-3676-4914-951E-CD928C3F2F99} = {F76ED9BF-3676-4914-951E-CD928C3F2F99}
		{FA33AECA-0985-43A7-AD1F-3B17903418CA} = {FA33AECA-0985-43A7-AD1F-3B17903418CA}
		{8D0646D1-35AB-41A3-BA04-7E25598230FC} = {8D0646D1-35AB-41A3-BA04-7E25598230FC}
		{0FC8CCD4-1D75-4507-86D1-2198E4B51901} = {0FC8CCD4-1D75-4507-86D1-2198E4B51901}
		{4F1A2BDB-7B52-45F9-BE2B-67BC8C13F75E} = {4F1A2BDB-7B52-45F9-BE2B-67BC8C13F75E}
		{E3E3EBDD-896B-4B6D-AA9E-FDA54AAB8FD7} = {E3E3EBDD-896B-4B6D-AA9E-FDA54AAB8FD7}
		{E3E3EBDD-896B-4B6D-AA9E-FDA54AAB8FD8} = {E3E3EBDD-896B-4B6D-AA9E-FDA54AAB8FD8}
		{C53A37E2-7838-4B86-AAE3-C30B24D766FC} = {C53A37E2-7838-4B86-AAE3-C30B24D766FC}
		{1515B942-6169-459B-AAF6-50EDECFEB743} = {1515B942-6169-459B-AAF6-50EDECFEB743}
		{F422A32C-E549-4492-97C2-92522AEB1C9C} = {F422A32C-E549-4492-97C2-92522AEB1C9C}
	EndProjectSection
EndProject
Project("{FAE04EC0-301F-11D3-BF4B-00C04F79EFBC}") = "NativeTypes.Http", "NativeTypes\Http\NativeTypes.Http.csproj", "{CEFB5757-CF69-4860-94A6-E2A1161D1892}"
EndProject
Project("{FAE04EC0-301F-11D3-BF4B-00C04F79EFBC}") = "NativeActions.Database", "NativeActions\Database\NativeActions.Database.csproj", "{70B5448B-B1B5-44FB-93D4-BE1A8F360213}"
EndProject
Project("{FAE04EC0-301F-11D3-BF4B-00C04F79EFBC}") = "NativeTypes.Database", "NativeTypes\Database\NativeTypes.Database.csproj", "{13A96B28-12A8-48AF-B398-80518128F168}"
EndProject
Project("{FAE04EC0-301F-11D3-BF4B-00C04F79EFBC}") = "NativeActions.ImageBuilder", "NativeActions\ImageBuilder\NativeActions.ImageBuilder.csproj", "{5E9D8874-FF73-4515-840D-AF0380943F58}"
EndProject
Project("{FAE04EC0-301F-11D3-BF4B-00C04F79EFBC}") = "NativeTypes.Imaging", "NativeTypes\Imaging\NativeTypes.Imaging.csproj", "{D36B2B7C-159C-4221-A77D-F298FA00BC04}"
EndProject
Project("{FAE04EC0-301F-11D3-BF4B-00C04F79EFBC}") = "NativeActions.CiscoExtensionMobility", "NativeActions\CiscoExtensionMobility\NativeActions.CiscoExtensionMobility.csproj", "{0FC8CCD4-1D75-4507-86D1-2198E4B51901}"
EndProject
Project("{FAE04EC0-301F-11D3-BF4B-00C04F79EFBC}") = "NativeActions.ApplicationControl", "NativeActions\ApplicationControl\NativeActions.ApplicationControl.csproj", "{04FDA382-9C92-421A-82FC-BBDCCABCB22E}"
EndProject
Project("{FAE04EC0-301F-11D3-BF4B-00C04F79EFBC}") = "NativeTypes.CiscoExtensionMobility", "NativeTypes\CiscoExtensionMobility\NativeTypes.CiscoExtensionMobility.csproj", "{51F2D4A3-93A6-4031-8740-19778434E25A}"
EndProject
Project("{FAE04EC0-301F-11D3-BF4B-00C04F79EFBC}") = "Providers.MediaControl", "Providers\MediaControl\Providers.MediaControl.csproj", "{B3D33D52-0C03-4844-B246-B73D2B7903C4}"
EndProject
Project("{FAE04EC0-301F-11D3-BF4B-00C04F79EFBC}") = "Providers.CallControl.H323", "Providers\CallControl\H323\Providers.CallControl.H323.csproj", "{A68BC133-A27B-456F-AE9F-895A69050FF7}"
EndProject
Project("{FAE04EC0-301F-11D3-BF4B-00C04F79EFBC}") = "NativeActions.AxlSoap.333", "NativeActions\AxlSoap\3.3.3\NativeActions.AxlSoap.333.csproj", "{4F1A2BDB-7B52-45F9-BE2B-67BC8C13F75E}"
EndProject
Project("{FAE04EC0-301F-11D3-BF4B-00C04F79EFBC}") = "NativeTypes.AxlSoap.333", "NativeTypes\AxlSoap\3.3.3\NativeTypes.AxlSoap.333.csproj", "{8D0646D1-35AB-41A3-BA04-7E25598230FC}"
EndProject
Project("{FAE04EC0-301F-11D3-BF4B-00C04F79EFBC}") = "Providers.CallControl.JTapi", "Providers\CallControl\Jtapi\Providers.CallControl.JTapi.csproj", "{6136EB51-D3E0-4FA2-BC4D-851E3557C6D7}"
EndProject
Project("{FAE04EC0-301F-11D3-BF4B-00C04F79EFBC}") = "NativeActions.Ldap", "NativeActions\Ldap\NativeActions.Ldap.csproj", "{D2330848-3B17-4B65-BD1C-4B24233BF709}"
EndProject
Project("{FAE04EC0-301F-11D3-BF4B-00C04F79EFBC}") = "Providers.CallControl.Sccp", "Providers\CallControl\Sccp\Providers.CallControl.Sccp.csproj", "{6E0AB37C-425B-4BF2-BF26-3040560C8447}"
EndProject
Project("{FAE04EC0-301F-11D3-BF4B-00C04F79EFBC}") = "NativeTypes.CiscoDeviceList", "NativeTypes\CiscoDeviceList\NativeTypes.CiscoDeviceList.csproj", "{AE5C4E67-DE17-4374-9402-74FB759B32C0}"
EndProject
Project("{FAE04EC0-301F-11D3-BF4B-00C04F79EFBC}") = "NativeTypes.AxlSoap.413", "NativeTypes\AxlSoap\4.1.3\NativeTypes.AxlSoap.413.csproj", "{E3E3EBDD-896B-4B6D-AA9E-FDA54AAB8FD7}"
EndProject
Project("{FAE04EC0-301F-11D3-BF4B-00C04F79EFBC}") = "NativeActions.AxlSoap.413", "NativeActions\AxlSoap\4.1.3\NativeActions.AxlSoap.413.csproj", "{50D7DA3B-209C-4E3E-8C85-6F22FD8E72CE}"
EndProject
Project("{FAE04EC0-301F-11D3-BF4B-00C04F79EFBC}") = "Providers.CallControl.Sip", "Providers\CallControl\Sip\Providers.CallControl.Sip.csproj", "{6AC2ED29-BB39-4425-AE5B-46A9AACE487B}"
EndProject
Project("{FAE04EC0-301F-11D3-BF4B-00C04F79EFBC}") = "NativeTypes.AxlSoap.504", "NativeTypes\AxlSoap\5.0.4\NativeTypes.AxlSoap.504.csproj", "{E3E3EBDD-896B-4B6D-AA9E-FDA54AAB8FD8}"
EndProject
Project("{FAE04EC0-301F-11D3-BF4B-00C04F79EFBC}") = "NativeActions.AxlSoap.504", "NativeActions\AxlSoap\5.0.4\NativeActions.AxlSoap.504.csproj", "{50D7DA3B-209C-4E3E-8C85-6F22FD8E72CF}"
EndProject
Project("{FAE04EC0-301F-11D3-BF4B-00C04F79EFBC}") = "Providers.Presence", "Providers\Presence\Providers.Presence.csproj", "{F422A32C-E549-4492-97C2-92522AEB1C9C}"
EndProject
Project("{FAE04EC0-301F-11D3-BF4B-00C04F79EFBC}") = "NativeTypes.Presence", "NativeTypes\Presence\NativeTypes.Presence.csproj", "{1515B942-6169-459B-AAF6-50EDECFEB743}"
EndProject
Project("{FAE04EC0-301F-11D3-BF4B-00C04F79EFBC}") = "NativeActions.AxlSoap.601", "NativeActions\AxlSoap\6.0.1\NativeActions.AxlSoap.601.csproj", "{6EAF684B-9AFD-4997-9639-9864AF5F7A48}"
EndProject
Project("{FAE04EC0-301F-11D3-BF4B-00C04F79EFBC}") = "NativeTypes.AxlSoap.601", "NativeTypes\AxlSoap\6.0.1\NativeTypes.AxlSoap.601.csproj", "{3E21BE99-CB92-48B8-83F5-4E1DE0F36B45}"
EndProject
Global
	GlobalSection(SolutionConfigurationPlatforms) = preSolution
		Debug|Any CPU = Debug|Any CPU
		DebugMethodCallTrace|Any CPU = DebugMethodCallTrace|Any CPU
		Release|Any CPU = Release|Any CPU
	EndGlobalSection
	GlobalSection(ProjectConfigurationPlatforms) = postSolution
		{23D148BA-F93B-450C-9997-6CF4485ABC71}.Debug|Any CPU.ActiveCfg = Debug|Any CPU
		{23D148BA-F93B-450C-9997-6CF4485ABC71}.Debug|Any CPU.Build.0 = Debug|Any CPU
		{23D148BA-F93B-450C-9997-6CF4485ABC71}.DebugMethodCallTrace|Any CPU.ActiveCfg = DebugMethodCallTrace|Any CPU
		{23D148BA-F93B-450C-9997-6CF4485ABC71}.DebugMethodCallTrace|Any CPU.Build.0 = DebugMethodCallTrace|Any CPU
		{23D148BA-F93B-450C-9997-6CF4485ABC71}.Release|Any CPU.ActiveCfg = Release|Any CPU
		{23D148BA-F93B-450C-9997-6CF4485ABC71}.Release|Any CPU.Build.0 = Release|Any CPU
		{543F304D-CC6A-4D56-8488-0C5117B01283}.Debug|Any CPU.ActiveCfg = Debug|Any CPU
		{543F304D-CC6A-4D56-8488-0C5117B01283}.Debug|Any CPU.Build.0 = Debug|Any CPU
		{543F304D-CC6A-4D56-8488-0C5117B01283}.DebugMethodCallTrace|Any CPU.ActiveCfg = DebugMethodCallTrace|Any CPU
		{543F304D-CC6A-4D56-8488-0C5117B01283}.DebugMethodCallTrace|Any CPU.Build.0 = DebugMethodCallTrace|Any CPU
		{543F304D-CC6A-4D56-8488-0C5117B01283}.Release|Any CPU.ActiveCfg = Release|Any CPU
		{543F304D-CC6A-4D56-8488-0C5117B01283}.Release|Any CPU.Build.0 = Release|Any CPU
		{515FD21D-3918-4C20-82D2-DAF2E50F3077}.Debug|Any CPU.ActiveCfg = Debug|Any CPU
		{515FD21D-3918-4C20-82D2-DAF2E50F3077}.Debug|Any CPU.Build.0 = Debug|Any CPU
		{515FD21D-3918-4C20-82D2-DAF2E50F3077}.DebugMethodCallTrace|Any CPU.ActiveCfg = DebugMethodCallTrace|Any CPU
		{515FD21D-3918-4C20-82D2-DAF2E50F3077}.DebugMethodCallTrace|Any CPU.Build.0 = DebugMethodCallTrace|Any CPU
		{515FD21D-3918-4C20-82D2-DAF2E50F3077}.Release|Any CPU.ActiveCfg = Release|Any CPU
		{515FD21D-3918-4C20-82D2-DAF2E50F3077}.Release|Any CPU.Build.0 = Release|Any CPU
		{320F1C62-A854-4226-B45D-10C351A92362}.Debug|Any CPU.ActiveCfg = Debug|Any CPU
		{320F1C62-A854-4226-B45D-10C351A92362}.Debug|Any CPU.Build.0 = Debug|Any CPU
		{320F1C62-A854-4226-B45D-10C351A92362}.DebugMethodCallTrace|Any CPU.ActiveCfg = Debug|Any CPU
		{320F1C62-A854-4226-B45D-10C351A92362}.DebugMethodCallTrace|Any CPU.Build.0 = Debug|Any CPU
		{320F1C62-A854-4226-B45D-10C351A92362}.Release|Any CPU.ActiveCfg = Release|Any CPU
		{320F1C62-A854-4226-B45D-10C351A92362}.Release|Any CPU.Build.0 = Release|Any CPU
		{F76ED9BF-3676-4914-951E-CD928C3F2F99}.Debug|Any CPU.ActiveCfg = Debug|Any CPU
		{F76ED9BF-3676-4914-951E-CD928C3F2F99}.Debug|Any CPU.Build.0 = Debug|Any CPU
		{F76ED9BF-3676-4914-951E-CD928C3F2F99}.DebugMethodCallTrace|Any CPU.ActiveCfg = DebugMethodCallTrace|Any CPU
		{F76ED9BF-3676-4914-951E-CD928C3F2F99}.DebugMethodCallTrace|Any CPU.Build.0 = DebugMethodCallTrace|Any CPU
		{F76ED9BF-3676-4914-951E-CD928C3F2F99}.Release|Any CPU.ActiveCfg = Release|Any CPU
		{F76ED9BF-3676-4914-951E-CD928C3F2F99}.Release|Any CPU.Build.0 = Release|Any CPU
		{AE0F008C-57BA-4FC4-A29A-B3B7575442D9}.Debug|Any CPU.ActiveCfg = Debug|Any CPU
		{AE0F008C-57BA-4FC4-A29A-B3B7575442D9}.Debug|Any CPU.Build.0 = Debug|Any CPU
		{AE0F008C-57BA-4FC4-A29A-B3B7575442D9}.DebugMethodCallTrace|Any CPU.ActiveCfg = Debug|Any CPU
		{AE0F008C-57BA-4FC4-A29A-B3B7575442D9}.DebugMethodCallTrace|Any CPU.Build.0 = Debug|Any CPU
		{AE0F008C-57BA-4FC4-A29A-B3B7575442D9}.Release|Any CPU.ActiveCfg = Release|Any CPU
		{AE0F008C-57BA-4FC4-A29A-B3B7575442D9}.Release|Any CPU.Build.0 = Release|Any CPU
		{C53A37E2-7838-4B86-AAE3-C30B24D766FC}.Debug|Any CPU.ActiveCfg = Debug|Any CPU
		{C53A37E2-7838-4B86-AAE3-C30B24D766FC}.Debug|Any CPU.Build.0 = Debug|Any CPU
		{C53A37E2-7838-4B86-AAE3-C30B24D766FC}.DebugMethodCallTrace|Any CPU.ActiveCfg = DebugMethodCallTrace|Any CPU
		{C53A37E2-7838-4B86-AAE3-C30B24D766FC}.DebugMethodCallTrace|Any CPU.Build.0 = DebugMethodCallTrace|Any CPU
		{C53A37E2-7838-4B86-AAE3-C30B24D766FC}.Release|Any CPU.ActiveCfg = Release|Any CPU
		{C53A37E2-7838-4B86-AAE3-C30B24D766FC}.Release|Any CPU.Build.0 = Release|Any CPU
		{FA33AECA-0985-43A7-AD1F-3B17903418CA}.Debug|Any CPU.ActiveCfg = Debug|Any CPU
		{FA33AECA-0985-43A7-AD1F-3B17903418CA}.Debug|Any CPU.Build.0 = Debug|Any CPU
		{FA33AECA-0985-43A7-AD1F-3B17903418CA}.DebugMethodCallTrace|Any CPU.ActiveCfg = DebugMethodCallTrace|Any CPU
		{FA33AECA-0985-43A7-AD1F-3B17903418CA}.DebugMethodCallTrace|Any CPU.Build.0 = DebugMethodCallTrace|Any CPU
		{FA33AECA-0985-43A7-AD1F-3B17903418CA}.Release|Any CPU.ActiveCfg = Release|Any CPU
		{FA33AECA-0985-43A7-AD1F-3B17903418CA}.Release|Any CPU.Build.0 = Release|Any CPU
		{AC0E03AD-9F36-4980-AF0B-5066C8C30A70}.Debug|Any CPU.ActiveCfg = Debug|Any CPU
		{AC0E03AD-9F36-4980-AF0B-5066C8C30A70}.Debug|Any CPU.Build.0 = Debug|Any CPU
		{AC0E03AD-9F36-4980-AF0B-5066C8C30A70}.DebugMethodCallTrace|Any CPU.ActiveCfg = DebugMethodCallTrace|Any CPU
		{AC0E03AD-9F36-4980-AF0B-5066C8C30A70}.DebugMethodCallTrace|Any CPU.Build.0 = DebugMethodCallTrace|Any CPU
		{AC0E03AD-9F36-4980-AF0B-5066C8C30A70}.Release|Any CPU.ActiveCfg = Release|Any CPU
		{AC0E03AD-9F36-4980-AF0B-5066C8C30A70}.Release|Any CPU.Build.0 = Release|Any CPU
		{E4B41C23-32EA-4D46-81D8-576E84EB4A76}.Debug|Any CPU.ActiveCfg = Debug|Any CPU
		{E4B41C23-32EA-4D46-81D8-576E84EB4A76}.Debug|Any CPU.Build.0 = Debug|Any CPU
		{E4B41C23-32EA-4D46-81D8-576E84EB4A76}.DebugMethodCallTrace|Any CPU.ActiveCfg = DebugMethodCallTrace|Any CPU
		{E4B41C23-32EA-4D46-81D8-576E84EB4A76}.DebugMethodCallTrace|Any CPU.Build.0 = DebugMethodCallTrace|Any CPU
		{E4B41C23-32EA-4D46-81D8-576E84EB4A76}.Release|Any CPU.ActiveCfg = Release|Any CPU
		{E4B41C23-32EA-4D46-81D8-576E84EB4A76}.Release|Any CPU.Build.0 = Release|Any CPU
		{ADA7B67C-7F9F-4171-9135-0E5F6D36C841}.Debug|Any CPU.ActiveCfg = Debug|Any CPU
		{ADA7B67C-7F9F-4171-9135-0E5F6D36C841}.Debug|Any CPU.Build.0 = Debug|Any CPU
		{ADA7B67C-7F9F-4171-9135-0E5F6D36C841}.DebugMethodCallTrace|Any CPU.ActiveCfg = DebugMethodCallTrace|Any CPU
		{ADA7B67C-7F9F-4171-9135-0E5F6D36C841}.DebugMethodCallTrace|Any CPU.Build.0 = DebugMethodCallTrace|Any CPU
		{ADA7B67C-7F9F-4171-9135-0E5F6D36C841}.Release|Any CPU.ActiveCfg = Release|Any CPU
		{ADA7B67C-7F9F-4171-9135-0E5F6D36C841}.Release|Any CPU.Build.0 = Release|Any CPU
		{507DD773-A808-4E14-B95F-0E1956C5EEFA}.Debug|Any CPU.ActiveCfg = Debug|Any CPU
		{507DD773-A808-4E14-B95F-0E1956C5EEFA}.Debug|Any CPU.Build.0 = Debug|Any CPU
		{507DD773-A808-4E14-B95F-0E1956C5EEFA}.DebugMethodCallTrace|Any CPU.ActiveCfg = Debug|Any CPU
		{507DD773-A808-4E14-B95F-0E1956C5EEFA}.DebugMethodCallTrace|Any CPU.Build.0 = Debug|Any CPU
		{507DD773-A808-4E14-B95F-0E1956C5EEFA}.Release|Any CPU.ActiveCfg = Release|Any CPU
		{507DD773-A808-4E14-B95F-0E1956C5EEFA}.Release|Any CPU.Build.0 = Release|Any CPU
		{CEFB5757-CF69-4860-94A6-E2A1161D1892}.Debug|Any CPU.ActiveCfg = Debug|Any CPU
		{CEFB5757-CF69-4860-94A6-E2A1161D1892}.Debug|Any CPU.Build.0 = Debug|Any CPU
		{CEFB5757-CF69-4860-94A6-E2A1161D1892}.DebugMethodCallTrace|Any CPU.ActiveCfg = Debug|Any CPU
		{CEFB5757-CF69-4860-94A6-E2A1161D1892}.DebugMethodCallTrace|Any CPU.Build.0 = Debug|Any CPU
		{CEFB5757-CF69-4860-94A6-E2A1161D1892}.Release|Any CPU.ActiveCfg = Release|Any CPU
		{CEFB5757-CF69-4860-94A6-E2A1161D1892}.Release|Any CPU.Build.0 = Release|Any CPU
		{70B5448B-B1B5-44FB-93D4-BE1A8F360213}.Debug|Any CPU.ActiveCfg = Debug|Any CPU
		{70B5448B-B1B5-44FB-93D4-BE1A8F360213}.Debug|Any CPU.Build.0 = Debug|Any CPU
		{70B5448B-B1B5-44FB-93D4-BE1A8F360213}.DebugMethodCallTrace|Any CPU.ActiveCfg = Debug|Any CPU
		{70B5448B-B1B5-44FB-93D4-BE1A8F360213}.DebugMethodCallTrace|Any CPU.Build.0 = Debug|Any CPU
		{70B5448B-B1B5-44FB-93D4-BE1A8F360213}.Release|Any CPU.ActiveCfg = Release|Any CPU
		{70B5448B-B1B5-44FB-93D4-BE1A8F360213}.Release|Any CPU.Build.0 = Release|Any CPU
		{13A96B28-12A8-48AF-B398-80518128F168}.Debug|Any CPU.ActiveCfg = Debug|Any CPU
		{13A96B28-12A8-48AF-B398-80518128F168}.Debug|Any CPU.Build.0 = Debug|Any CPU
		{13A96B28-12A8-48AF-B398-80518128F168}.DebugMethodCallTrace|Any CPU.ActiveCfg = Debug|Any CPU
		{13A96B28-12A8-48AF-B398-80518128F168}.DebugMethodCallTrace|Any CPU.Build.0 = Debug|Any CPU
		{13A96B28-12A8-48AF-B398-80518128F168}.Release|Any CPU.ActiveCfg = Release|Any CPU
		{13A96B28-12A8-48AF-B398-80518128F168}.Release|Any CPU.Build.0 = Release|Any CPU
		{5E9D8874-FF73-4515-840D-AF0380943F58}.Debug|Any CPU.ActiveCfg = Debug|Any CPU
		{5E9D8874-FF73-4515-840D-AF0380943F58}.Debug|Any CPU.Build.0 = Debug|Any CPU
		{5E9D8874-FF73-4515-840D-AF0380943F58}.DebugMethodCallTrace|Any CPU.ActiveCfg = Debug|Any CPU
		{5E9D8874-FF73-4515-840D-AF0380943F58}.DebugMethodCallTrace|Any CPU.Build.0 = Debug|Any CPU
		{5E9D8874-FF73-4515-840D-AF0380943F58}.Release|Any CPU.ActiveCfg = Release|Any CPU
		{5E9D8874-FF73-4515-840D-AF0380943F58}.Release|Any CPU.Build.0 = Release|Any CPU
		{D36B2B7C-159C-4221-A77D-F298FA00BC04}.Debug|Any CPU.ActiveCfg = Debug|Any CPU
		{D36B2B7C-159C-4221-A77D-F298FA00BC04}.Debug|Any CPU.Build.0 = Debug|Any CPU
		{D36B2B7C-159C-4221-A77D-F298FA00BC04}.DebugMethodCallTrace|Any CPU.ActiveCfg = Debug|Any CPU
		{D36B2B7C-159C-4221-A77D-F298FA00BC04}.DebugMethodCallTrace|Any CPU.Build.0 = Debug|Any CPU
		{D36B2B7C-159C-4221-A77D-F298FA00BC04}.Release|Any CPU.ActiveCfg = Release|Any CPU
		{D36B2B7C-159C-4221-A77D-F298FA00BC04}.Release|Any CPU.Build.0 = Release|Any CPU
		{0FC8CCD4-1D75-4507-86D1-2198E4B51901}.Debug|Any CPU.ActiveCfg = Debug|Any CPU
		{0FC8CCD4-1D75-4507-86D1-2198E4B51901}.Debug|Any CPU.Build.0 = Debug|Any CPU
		{0FC8CCD4-1D75-4507-86D1-2198E4B51901}.DebugMethodCallTrace|Any CPU.ActiveCfg = Debug|Any CPU
		{0FC8CCD4-1D75-4507-86D1-2198E4B51901}.DebugMethodCallTrace|Any CPU.Build.0 = Debug|Any CPU
		{0FC8CCD4-1D75-4507-86D1-2198E4B51901}.Release|Any CPU.ActiveCfg = Release|Any CPU
		{0FC8CCD4-1D75-4507-86D1-2198E4B51901}.Release|Any CPU.Build.0 = Release|Any CPU
		{04FDA382-9C92-421A-82FC-BBDCCABCB22E}.Debug|Any CPU.ActiveCfg = Debug|Any CPU
		{04FDA382-9C92-421A-82FC-BBDCCABCB22E}.Debug|Any CPU.Build.0 = Debug|Any CPU
		{04FDA382-9C92-421A-82FC-BBDCCABCB22E}.DebugMethodCallTrace|Any CPU.ActiveCfg = Debug|Any CPU
		{04FDA382-9C92-421A-82FC-BBDCCABCB22E}.DebugMethodCallTrace|Any CPU.Build.0 = Debug|Any CPU
		{04FDA382-9C92-421A-82FC-BBDCCABCB22E}.Release|Any CPU.ActiveCfg = Release|Any CPU
		{04FDA382-9C92-421A-82FC-BBDCCABCB22E}.Release|Any CPU.Build.0 = Release|Any CPU
		{51F2D4A3-93A6-4031-8740-19778434E25A}.Debug|Any CPU.ActiveCfg = Debug|Any CPU
		{51F2D4A3-93A6-4031-8740-19778434E25A}.Debug|Any CPU.Build.0 = Debug|Any CPU
		{51F2D4A3-93A6-4031-8740-19778434E25A}.DebugMethodCallTrace|Any CPU.ActiveCfg = Debug|Any CPU
		{51F2D4A3-93A6-4031-8740-19778434E25A}.DebugMethodCallTrace|Any CPU.Build.0 = Debug|Any CPU
		{51F2D4A3-93A6-4031-8740-19778434E25A}.Release|Any CPU.ActiveCfg = Release|Any CPU
		{51F2D4A3-93A6-4031-8740-19778434E25A}.Release|Any CPU.Build.0 = Release|Any CPU
		{B3D33D52-0C03-4844-B246-B73D2B7903C4}.Debug|Any CPU.ActiveCfg = Debug|Any CPU
		{B3D33D52-0C03-4844-B246-B73D2B7903C4}.Debug|Any CPU.Build.0 = Debug|Any CPU
		{B3D33D52-0C03-4844-B246-B73D2B7903C4}.DebugMethodCallTrace|Any CPU.ActiveCfg = Debug|Any CPU
		{B3D33D52-0C03-4844-B246-B73D2B7903C4}.DebugMethodCallTrace|Any CPU.Build.0 = Debug|Any CPU
		{B3D33D52-0C03-4844-B246-B73D2B7903C4}.Release|Any CPU.ActiveCfg = Release|Any CPU
		{B3D33D52-0C03-4844-B246-B73D2B7903C4}.Release|Any CPU.Build.0 = Release|Any CPU
		{A68BC133-A27B-456F-AE9F-895A69050FF7}.Debug|Any CPU.ActiveCfg = Debug|Any CPU
		{A68BC133-A27B-456F-AE9F-895A69050FF7}.Debug|Any CPU.Build.0 = Debug|Any CPU
		{A68BC133-A27B-456F-AE9F-895A69050FF7}.DebugMethodCallTrace|Any CPU.ActiveCfg = Debug|Any CPU
		{A68BC133-A27B-456F-AE9F-895A69050FF7}.DebugMethodCallTrace|Any CPU.Build.0 = Debug|Any CPU
		{A68BC133-A27B-456F-AE9F-895A69050FF7}.Release|Any CPU.ActiveCfg = Release|Any CPU
		{A68BC133-A27B-456F-AE9F-895A69050FF7}.Release|Any CPU.Build.0 = Release|Any CPU
		{4F1A2BDB-7B52-45F9-BE2B-67BC8C13F75E}.Debug|Any CPU.ActiveCfg = Debug|Any CPU
		{4F1A2BDB-7B52-45F9-BE2B-67BC8C13F75E}.Debug|Any CPU.Build.0 = Debug|Any CPU
		{4F1A2BDB-7B52-45F9-BE2B-67BC8C13F75E}.DebugMethodCallTrace|Any CPU.ActiveCfg = Debug|Any CPU
		{4F1A2BDB-7B52-45F9-BE2B-67BC8C13F75E}.DebugMethodCallTrace|Any CPU.Build.0 = Debug|Any CPU
		{4F1A2BDB-7B52-45F9-BE2B-67BC8C13F75E}.Release|Any CPU.ActiveCfg = Release|Any CPU
		{4F1A2BDB-7B52-45F9-BE2B-67BC8C13F75E}.Release|Any CPU.Build.0 = Release|Any CPU
		{8D0646D1-35AB-41A3-BA04-7E25598230FC}.Debug|Any CPU.ActiveCfg = Debug|Any CPU
		{8D0646D1-35AB-41A3-BA04-7E25598230FC}.Debug|Any CPU.Build.0 = Debug|Any CPU
		{8D0646D1-35AB-41A3-BA04-7E25598230FC}.DebugMethodCallTrace|Any CPU.ActiveCfg = Debug|Any CPU
		{8D0646D1-35AB-41A3-BA04-7E25598230FC}.DebugMethodCallTrace|Any CPU.Build.0 = Debug|Any CPU
		{8D0646D1-35AB-41A3-BA04-7E25598230FC}.Release|Any CPU.ActiveCfg = Release|Any CPU
		{8D0646D1-35AB-41A3-BA04-7E25598230FC}.Release|Any CPU.Build.0 = Release|Any CPU
		{6136EB51-D3E0-4FA2-BC4D-851E3557C6D7}.Debug|Any CPU.ActiveCfg = Debug|Any CPU
		{6136EB51-D3E0-4FA2-BC4D-851E3557C6D7}.Debug|Any CPU.Build.0 = Debug|Any CPU
		{6136EB51-D3E0-4FA2-BC4D-851E3557C6D7}.DebugMethodCallTrace|Any CPU.ActiveCfg = Debug|Any CPU
		{6136EB51-D3E0-4FA2-BC4D-851E3557C6D7}.DebugMethodCallTrace|Any CPU.Build.0 = Debug|Any CPU
		{6136EB51-D3E0-4FA2-BC4D-851E3557C6D7}.Release|Any CPU.ActiveCfg = Release|Any CPU
		{6136EB51-D3E0-4FA2-BC4D-851E3557C6D7}.Release|Any CPU.Build.0 = Release|Any CPU
		{D2330848-3B17-4B65-BD1C-4B24233BF709}.Debug|Any CPU.ActiveCfg = Debug|Any CPU
		{D2330848-3B17-4B65-BD1C-4B24233BF709}.Debug|Any CPU.Build.0 = Debug|Any CPU
		{D2330848-3B17-4B65-BD1C-4B24233BF709}.DebugMethodCallTrace|Any CPU.ActiveCfg = Debug|Any CPU
		{D2330848-3B17-4B65-BD1C-4B24233BF709}.DebugMethodCallTrace|Any CPU.Build.0 = Debug|Any CPU
		{D2330848-3B17-4B65-BD1C-4B24233BF709}.Release|Any CPU.ActiveCfg = Release|Any CPU
		{D2330848-3B17-4B65-BD1C-4B24233BF709}.Release|Any CPU.Build.0 = Release|Any CPU
		{6E0AB37C-425B-4BF2-BF26-3040560C8447}.Debug|Any CPU.ActiveCfg = Debug|Any CPU
		{6E0AB37C-425B-4BF2-BF26-3040560C8447}.Debug|Any CPU.Build.0 = Debug|Any CPU
		{6E0AB37C-425B-4BF2-BF26-3040560C8447}.DebugMethodCallTrace|Any CPU.ActiveCfg = Debug|Any CPU
		{6E0AB37C-425B-4BF2-BF26-3040560C8447}.DebugMethodCallTrace|Any CPU.Build.0 = Debug|Any CPU
		{6E0AB37C-425B-4BF2-BF26-3040560C8447}.Release|Any CPU.ActiveCfg = Release|Any CPU
		{6E0AB37C-425B-4BF2-BF26-3040560C8447}.Release|Any CPU.Build.0 = Release|Any CPU
		{AE5C4E67-DE17-4374-9402-74FB759B32C0}.Debug|Any CPU.ActiveCfg = Debug|Any CPU
		{AE5C4E67-DE17-4374-9402-74FB759B32C0}.Debug|Any CPU.Build.0 = Debug|Any CPU
		{AE5C4E67-DE17-4374-9402-74FB759B32C0}.DebugMethodCallTrace|Any CPU.ActiveCfg = Debug|Any CPU
		{AE5C4E67-DE17-4374-9402-74FB759B32C0}.DebugMethodCallTrace|Any CPU.Build.0 = Debug|Any CPU
		{AE5C4E67-DE17-4374-9402-74FB759B32C0}.Release|Any CPU.ActiveCfg = Release|Any CPU
		{AE5C4E67-DE17-4374-9402-74FB759B32C0}.Release|Any CPU.Build.0 = Release|Any CPU
		{E3E3EBDD-896B-4B6D-AA9E-FDA54AAB8FD7}.Debug|Any CPU.ActiveCfg = Debug|Any CPU
		{E3E3EBDD-896B-4B6D-AA9E-FDA54AAB8FD7}.Debug|Any CPU.Build.0 = Debug|Any CPU
		{E3E3EBDD-896B-4B6D-AA9E-FDA54AAB8FD7}.DebugMethodCallTrace|Any CPU.ActiveCfg = Debug|Any CPU
		{E3E3EBDD-896B-4B6D-AA9E-FDA54AAB8FD7}.DebugMethodCallTrace|Any CPU.Build.0 = Debug|Any CPU
		{E3E3EBDD-896B-4B6D-AA9E-FDA54AAB8FD7}.Release|Any CPU.ActiveCfg = Release|Any CPU
		{E3E3EBDD-896B-4B6D-AA9E-FDA54AAB8FD7}.Release|Any CPU.Build.0 = Release|Any CPU
		{50D7DA3B-209C-4E3E-8C85-6F22FD8E72CE}.Debug|Any CPU.ActiveCfg = Debug|Any CPU
		{50D7DA3B-209C-4E3E-8C85-6F22FD8E72CE}.Debug|Any CPU.Build.0 = Debug|Any CPU
		{50D7DA3B-209C-4E3E-8C85-6F22FD8E72CE}.DebugMethodCallTrace|Any CPU.ActiveCfg = Debug|Any CPU
		{50D7DA3B-209C-4E3E-8C85-6F22FD8E72CE}.DebugMethodCallTrace|Any CPU.Build.0 = Debug|Any CPU
		{50D7DA3B-209C-4E3E-8C85-6F22FD8E72CE}.Release|Any CPU.ActiveCfg = Release|Any CPU
		{50D7DA3B-209C-4E3E-8C85-6F22FD8E72CE}.Release|Any CPU.Build.0 = Release|Any CPU
		{6AC2ED29-BB39-4425-AE5B-46A9AACE487B}.Debug|Any CPU.ActiveCfg = Debug|Any CPU
		{6AC2ED29-BB39-4425-AE5B-46A9AACE487B}.Debug|Any CPU.Build.0 = Debug|Any CPU
		{6AC2ED29-BB39-4425-AE5B-46A9AACE487B}.DebugMethodCallTrace|Any CPU.ActiveCfg = Debug|Any CPU
		{6AC2ED29-BB39-4425-AE5B-46A9AACE487B}.DebugMethodCallTrace|Any CPU.Build.0 = Debug|Any CPU
		{6AC2ED29-BB39-4425-AE5B-46A9AACE487B}.Release|Any CPU.ActiveCfg = Release|Any CPU
		{6AC2ED29-BB39-4425-AE5B-46A9AACE487B}.Release|Any CPU.Build.0 = Release|Any CPU
		{E3E3EBDD-896B-4B6D-AA9E-FDA54AAB8FD8}.Debug|Any CPU.ActiveCfg = Debug|Any CPU
		{E3E3EBDD-896B-4B6D-AA9E-FDA54AAB8FD8}.Debug|Any CPU.Build.0 = Debug|Any CPU
		{E3E3EBDD-896B-4B6D-AA9E-FDA54AAB8FD8}.DebugMethodCallTrace|Any CPU.ActiveCfg = Debug|Any CPU
		{E3E3EBDD-896B-4B6D-AA9E-FDA54AAB8FD8}.DebugMethodCallTrace|Any CPU.Build.0 = Debug|Any CPU
		{E3E3EBDD-896B-4B6D-AA9E-FDA54AAB8FD8}.Release|Any CPU.ActiveCfg = Release|Any CPU
		{E3E3EBDD-896B-4B6D-AA9E-FDA54AAB8FD8}.Release|Any CPU.Build.0 = Release|Any CPU
		{50D7DA3B-209C-4E3E-8C85-6F22FD8E72CF}.Debug|Any CPU.ActiveCfg = Debug|Any CPU
		{50D7DA3B-209C-4E3E-8C85-6F22FD8E72CF}.Debug|Any CPU.Build.0 = Debug|Any CPU
		{50D7DA3B-209C-4E3E-8C85-6F22FD8E72CF}.DebugMethodCallTrace|Any CPU.ActiveCfg = Debug|Any CPU
		{50D7DA3B-209C-4E3E-8C85-6F22FD8E72CF}.DebugMethodCallTrace|Any CPU.Build.0 = Debug|Any CPU
		{50D7DA3B-209C-4E3E-8C85-6F22FD8E72CF}.Release|Any CPU.ActiveCfg = Release|Any CPU
		{50D7DA3B-209C-4E3E-8C85-6F22FD8E72CF}.Release|Any CPU.Build.0 = Release|Any CPU
		{F422A32C-E549-4492-97C2-92522AEB1C9C}.Debug|Any CPU.ActiveCfg = Debug|Any CPU
		{F422A32C-E549-4492-97C2-92522AEB1C9C}.Debug|Any CPU.Build.0 = Debug|Any CPU
		{F422A32C-E549-4492-97C2-92522AEB1C9C}.DebugMethodCallTrace|Any CPU.ActiveCfg = Debug|Any CPU
		{F422A32C-E549-4492-97C2-92522AEB1C9C}.DebugMethodCallTrace|Any CPU.Build.0 = Debug|Any CPU
		{F422A32C-E549-4492-97C2-92522AEB1C9C}.Release|Any CPU.ActiveCfg = Release|Any CPU
		{F422A32C-E549-4492-97C2-92522AEB1C9C}.Release|Any CPU.Build.0 = Release|Any CPU
		{1515B942-6169-459B-AAF6-50EDECFEB743}.Debug|Any CPU.ActiveCfg = Debug|Any CPU
		{1515B942-6169-459B-AAF6-50EDECFEB743}.Debug|Any CPU.Build.0 = Debug|Any CPU
		{1515B942-6169-459B-AAF6-50EDECFEB743}.DebugMethodCallTrace|Any CPU.ActiveCfg = Debug|Any CPU
		{1515B942-6169-459B-AAF6-50EDECFEB743}.DebugMethodCallTrace|Any CPU.Build.0 = Debug|Any CPU
		{1515B942-6169-459B-AAF6-50EDECFEB743}.Release|Any CPU.ActiveCfg = Release|Any CPU
		{1515B942-6169-459B-AAF6-50EDECFEB743}.Release|Any CPU.Build.0 = Release|Any CPU
		{6EAF684B-9AFD-4997-9639-9864AF5F7A48}.Debug|Any CPU.ActiveCfg = Debug|Any CPU
		{6EAF684B-9AFD-4997-9639-9864AF5F7A48}.Debug|Any CPU.Build.0 = Debug|Any CPU
		{6EAF684B-9AFD-4997-9639-9864AF5F7A48}.DebugMethodCallTrace|Any CPU.ActiveCfg = Debug|Any CPU
		{6EAF684B-9AFD-4997-9639-9864AF5F7A48}.DebugMethodCallTrace|Any CPU.Build.0 = Debug|Any CPU
		{6EAF684B-9AFD-4997-9639-9864AF5F7A48}.Release|Any CPU.ActiveCfg = Release|Any CPU
		{6EAF684B-9AFD-4997-9639-9864AF5F7A48}.Release|Any CPU.Build.0 = Release|Any CPU
		{3E21BE99-CB92-48B8-83F5-4E1DE0F36B45}.Debug|Any CPU.ActiveCfg = Debug|Any CPU
		{3E21BE99-CB92-48B8-83F5-4E1DE0F36B45}.Debug|Any CPU.Build.0 = Debug|Any CPU
		{3E21BE99-CB92-48B8-83F5-4E1DE0F36B45}.DebugMethodCallTrace|Any CPU.ActiveCfg = Debug|Any CPU
		{3E21BE99-CB92-48B8-83F5-4E1DE0F36B45}.DebugMethodCallTrace|Any CPU.Build.0 = Debug|Any CPU
		{3E21BE99-CB92-48B8-83F5-4E1DE0F36B45}.Release|Any CPU.ActiveCfg = Release|Any CPU
		{3E21BE99-CB92-48B8-83F5-4E1DE0F36B45}.Release|Any CPU.Build.0 = Release|Any CPU
	EndGlobalSection
	GlobalSection(SolutionProperties) = preSolution
		HideSolutionNode = FALSE
	EndGlobalSection
EndGlobal
